// !$*UTF8*$!
{
	archiveVersion = 1;
	classes = {
	};
	objectVersion = 56;
	objects = {

/* Begin PBXBuildFile section */
		080EEB842ADDF468008172EB /* StockModel.swift in Sources */ = {isa = PBXBuildFile; fileRef = 080EEB832ADDF468008172EB /* StockModel.swift */; };
		080EEB882ADDFD10008172EB /* FavoriteTickersViewController.swift in Sources */ = {isa = PBXBuildFile; fileRef = 080EEB862ADDFD10008172EB /* FavoriteTickersViewController.swift */; };
		080EEB892ADDFD10008172EB /* FavoriteTickersViewController.xib in Resources */ = {isa = PBXBuildFile; fileRef = 080EEB872ADDFD10008172EB /* FavoriteTickersViewController.xib */; };
		080EEB8B2ADDFD39008172EB /* FavoriteTickersRouter.swift in Sources */ = {isa = PBXBuildFile; fileRef = 080EEB8A2ADDFD39008172EB /* FavoriteTickersRouter.swift */; };
		080EEB8D2ADDFDCC008172EB /* FavoriteTickerPresenter.swift in Sources */ = {isa = PBXBuildFile; fileRef = 080EEB8C2ADDFDCC008172EB /* FavoriteTickerPresenter.swift */; };
		080EEB8F2ADDFF5E008172EB /* FavoriteTickersConfigurator.swift in Sources */ = {isa = PBXBuildFile; fileRef = 080EEB8E2ADDFF5E008172EB /* FavoriteTickersConfigurator.swift */; };
		080EEB912ADF010F008172EB /* CredentialDTO.swift in Sources */ = {isa = PBXBuildFile; fileRef = 080EEB902ADF010F008172EB /* CredentialDTO.swift */; };
		080EEB942ADF09E9008172EB /* RxCocoa in Frameworks */ = {isa = PBXBuildFile; productRef = 080EEB932ADF09E9008172EB /* RxCocoa */; };
		080EEB962ADF09E9008172EB /* RxSwift in Frameworks */ = {isa = PBXBuildFile; productRef = 080EEB952ADF09E9008172EB /* RxSwift */; };
		080EEB982ADF4855008172EB /* Delay.swift in Sources */ = {isa = PBXBuildFile; fileRef = 080EEB972ADF4855008172EB /* Delay.swift */; };
		080EEB9A2AE04218008172EB /* GBMBaseTest.swift in Sources */ = {isa = PBXBuildFile; fileRef = 080EEB992AE04218008172EB /* GBMBaseTest.swift */; };
		080EEB9D2AE04941008172EB /* Realm in Frameworks */ = {isa = PBXBuildFile; productRef = 080EEB9C2AE04941008172EB /* Realm */; };
		080EEBA12AE04AA6008172EB /* RxCocoa in Frameworks */ = {isa = PBXBuildFile; productRef = 080EEBA02AE04AA6008172EB /* RxCocoa */; };
		080EEBA32AE04AC1008172EB /* FirebaseAuth in Frameworks */ = {isa = PBXBuildFile; productRef = 080EEBA22AE04AC1008172EB /* FirebaseAuth */; };
		080EEBA52AE04AC1008172EB /* FirebaseFirestore in Frameworks */ = {isa = PBXBuildFile; productRef = 080EEBA42AE04AC1008172EB /* FirebaseFirestore */; };
		083CF8A02AD77AC3001E95D5 /* UILabel+Ext.swift in Sources */ = {isa = PBXBuildFile; fileRef = 083CF89F2AD77AC3001E95D5 /* UILabel+Ext.swift */; };
		083CF8A22AD77B07001E95D5 /* String+Ext.swift in Sources */ = {isa = PBXBuildFile; fileRef = 083CF8A12AD77B07001E95D5 /* String+Ext.swift */; };
		083CF8A42AD77C0D001E95D5 /* UIView+Ext.swift in Sources */ = {isa = PBXBuildFile; fileRef = 083CF8A32AD77C0D001E95D5 /* UIView+Ext.swift */; };
		083CF8A62AD77C8F001E95D5 /* CGFloat+Ext.swift in Sources */ = {isa = PBXBuildFile; fileRef = 083CF8A52AD77C8F001E95D5 /* CGFloat+Ext.swift */; };
		083CF8A82AD7822A001E95D5 /* GBMButton.swift in Sources */ = {isa = PBXBuildFile; fileRef = 083CF8A72AD7822A001E95D5 /* GBMButton.swift */; };
		083CF8AA2AD7831F001E95D5 /* UIButton+Ext.swift in Sources */ = {isa = PBXBuildFile; fileRef = 083CF8A92AD7831F001E95D5 /* UIButton+Ext.swift */; };
		083CF8AC2AD7836E001E95D5 /* UITextfield+Ext.swift in Sources */ = {isa = PBXBuildFile; fileRef = 083CF8AB2AD7836D001E95D5 /* UITextfield+Ext.swift */; };
		083CF8AE2AD78534001E95D5 /* GBMContainer.swift in Sources */ = {isa = PBXBuildFile; fileRef = 083CF8AD2AD78534001E95D5 /* GBMContainer.swift */; };
		083CF8B02AD785AE001E95D5 /* GBMDashedButton.swift in Sources */ = {isa = PBXBuildFile; fileRef = 083CF8AF2AD785AE001E95D5 /* GBMDashedButton.swift */; };
		083CF8B82AD7B595001E95D5 /* SignInRouter.swift in Sources */ = {isa = PBXBuildFile; fileRef = 083CF8B72AD7B595001E95D5 /* SignInRouter.swift */; };
		083CF8BA2AD7B64F001E95D5 /* SignInPresenter.swift in Sources */ = {isa = PBXBuildFile; fileRef = 083CF8B92AD7B64F001E95D5 /* SignInPresenter.swift */; };
		083CF8BC2AD7B869001E95D5 /* SignInConfigurator.swift in Sources */ = {isa = PBXBuildFile; fileRef = 083CF8BB2AD7B869001E95D5 /* SignInConfigurator.swift */; };
		083CF8C02AD7BA63001E95D5 /* LoaderViewController.swift in Sources */ = {isa = PBXBuildFile; fileRef = 083CF8BE2AD7BA63001E95D5 /* LoaderViewController.swift */; };
		083CF8C12AD7BA63001E95D5 /* LoaderViewController.xib in Resources */ = {isa = PBXBuildFile; fileRef = 083CF8BF2AD7BA63001E95D5 /* LoaderViewController.xib */; };
		083CF8C32AD7BC26001E95D5 /* UIViewController+Ext.swift in Sources */ = {isa = PBXBuildFile; fileRef = 083CF8C22AD7BC26001E95D5 /* UIViewController+Ext.swift */; };
		083CF8C92AD865C3001E95D5 /* SignUpViewController.swift in Sources */ = {isa = PBXBuildFile; fileRef = 083CF8C72AD865C3001E95D5 /* SignUpViewController.swift */; };
		083CF8CA2AD865C3001E95D5 /* SignUpViewController.xib in Resources */ = {isa = PBXBuildFile; fileRef = 083CF8C82AD865C3001E95D5 /* SignUpViewController.xib */; };
		083CF8CC2AD866A9001E95D5 /* SignUpRouter.swift in Sources */ = {isa = PBXBuildFile; fileRef = 083CF8CB2AD866A9001E95D5 /* SignUpRouter.swift */; };
		083CF8CE2AD86743001E95D5 /* SignUpPresenter.swift in Sources */ = {isa = PBXBuildFile; fileRef = 083CF8CD2AD86743001E95D5 /* SignUpPresenter.swift */; };
		083CF8D02AD8689B001E95D5 /* SignUpConfigurator.swift in Sources */ = {isa = PBXBuildFile; fileRef = 083CF8CF2AD8689B001E95D5 /* SignUpConfigurator.swift */; };
		083CF8D22AD872EE001E95D5 /* Regex.swift in Sources */ = {isa = PBXBuildFile; fileRef = 083CF8D12AD872EE001E95D5 /* Regex.swift */; };
		083CF8D42AD89010001E95D5 /* AccessApiGateway.swift in Sources */ = {isa = PBXBuildFile; fileRef = 083CF8D32AD89010001E95D5 /* AccessApiGateway.swift */; };
		083CF8D62AD8924B001E95D5 /* SignInRequest.swift in Sources */ = {isa = PBXBuildFile; fileRef = 083CF8D52AD8924B001E95D5 /* SignInRequest.swift */; };
		083CF8D82AD89433001E95D5 /* SignUpRequest.swift in Sources */ = {isa = PBXBuildFile; fileRef = 083CF8D72AD89433001E95D5 /* SignUpRequest.swift */; };
		083CF8DB2AD89670001E95D5 /* FirebaseCollections.swift in Sources */ = {isa = PBXBuildFile; fileRef = 083CF8DA2AD89670001E95D5 /* FirebaseCollections.swift */; };
		083CF8DD2AD8983B001E95D5 /* AccessUseCase.swift in Sources */ = {isa = PBXBuildFile; fileRef = 083CF8DC2AD8983B001E95D5 /* AccessUseCase.swift */; };
		083CF8DF2AD8997A001E95D5 /* loader.json in Resources */ = {isa = PBXBuildFile; fileRef = 083CF8DE2AD8997A001E95D5 /* loader.json */; };
		083CF8E52AD901D2001E95D5 /* DrawerMenuViewController.swift in Sources */ = {isa = PBXBuildFile; fileRef = 083CF8E32AD901D2001E95D5 /* DrawerMenuViewController.swift */; };
		083CF8E62AD901D2001E95D5 /* DrawerMenuViewController.xib in Resources */ = {isa = PBXBuildFile; fileRef = 083CF8E42AD901D2001E95D5 /* DrawerMenuViewController.xib */; };
		083CF8EA2AD90306001E95D5 /* TickerListViewController.swift in Sources */ = {isa = PBXBuildFile; fileRef = 083CF8E82AD90306001E95D5 /* TickerListViewController.swift */; };
		083CF8EB2AD90306001E95D5 /* TickerListViewController.xib in Resources */ = {isa = PBXBuildFile; fileRef = 083CF8E92AD90306001E95D5 /* TickerListViewController.xib */; };
		083CF8ED2AD9041E001E95D5 /* UINavigationController+Ext.swift in Sources */ = {isa = PBXBuildFile; fileRef = 083CF8EC2AD9041E001E95D5 /* UINavigationController+Ext.swift */; };
		083CF8F12AD90840001E95D5 /* TickerDetailViewController.swift in Sources */ = {isa = PBXBuildFile; fileRef = 083CF8EF2AD90840001E95D5 /* TickerDetailViewController.swift */; };
		083CF8F22AD90840001E95D5 /* TickerDetailViewController.xib in Resources */ = {isa = PBXBuildFile; fileRef = 083CF8F02AD90840001E95D5 /* TickerDetailViewController.xib */; };
		083CF8F42AD9F5F1001E95D5 /* TickerListRouter.swift in Sources */ = {isa = PBXBuildFile; fileRef = 083CF8F32AD9F5F1001E95D5 /* TickerListRouter.swift */; };
		083CF8F62AD9F5FE001E95D5 /* TickerListPresenter.swift in Sources */ = {isa = PBXBuildFile; fileRef = 083CF8F52AD9F5FE001E95D5 /* TickerListPresenter.swift */; };
		083CF8F82AD9F7B7001E95D5 /* TickerListConfigurator.swift in Sources */ = {isa = PBXBuildFile; fileRef = 083CF8F72AD9F7B7001E95D5 /* TickerListConfigurator.swift */; };
		083CF8FC2AD9FB4C001E95D5 /* TickerTableViewCell.swift in Sources */ = {isa = PBXBuildFile; fileRef = 083CF8FA2AD9FB4C001E95D5 /* TickerTableViewCell.swift */; };
		083CF8FD2AD9FB4C001E95D5 /* TickerTableViewCell.xib in Resources */ = {isa = PBXBuildFile; fileRef = 083CF8FB2AD9FB4C001E95D5 /* TickerTableViewCell.xib */; };
		083CF8FF2AD9FE20001E95D5 /* UITableView+Ext.swift in Sources */ = {isa = PBXBuildFile; fileRef = 083CF8FE2AD9FE20001E95D5 /* UITableView+Ext.swift */; };
		083CF9012AD9FF52001E95D5 /* TickerUseCase.swift in Sources */ = {isa = PBXBuildFile; fileRef = 083CF9002AD9FF52001E95D5 /* TickerUseCase.swift */; };
		083CF9042AD9FFEE001E95D5 /* TickerDTO.swift in Sources */ = {isa = PBXBuildFile; fileRef = 083CF9032AD9FFED001E95D5 /* TickerDTO.swift */; };
		083CF9062ADA009F001E95D5 /* TickerDetailDTO.swift in Sources */ = {isa = PBXBuildFile; fileRef = 083CF9052ADA009F001E95D5 /* TickerDetailDTO.swift */; };
		083CF9082ADA00DA001E95D5 /* StockDTO.swift in Sources */ = {isa = PBXBuildFile; fileRef = 083CF9072ADA00DA001E95D5 /* StockDTO.swift */; };
		083CF90A2ADA5032001E95D5 /* TickerDetailRouter.swift in Sources */ = {isa = PBXBuildFile; fileRef = 083CF9092ADA5032001E95D5 /* TickerDetailRouter.swift */; };
		083CF90C2ADA518B001E95D5 /* TickerDetailPresenter.swift in Sources */ = {isa = PBXBuildFile; fileRef = 083CF90B2ADA518B001E95D5 /* TickerDetailPresenter.swift */; };
		083CF90E2ADA527C001E95D5 /* TickerDetailConfigurator.swift in Sources */ = {isa = PBXBuildFile; fileRef = 083CF90D2ADA527C001E95D5 /* TickerDetailConfigurator.swift */; };
		083CF9102ADA5A18001E95D5 /* GBMFilterButton.swift in Sources */ = {isa = PBXBuildFile; fileRef = 083CF90F2ADA5A18001E95D5 /* GBMFilterButton.swift */; };
		083CF9122ADB1DE0001E95D5 /* TickerIntradayRequest.swift in Sources */ = {isa = PBXBuildFile; fileRef = 083CF9112ADB1DE0001E95D5 /* TickerIntradayRequest.swift */; };
		083CF9142ADB21AF001E95D5 /* TickerIntraday.swift in Sources */ = {isa = PBXBuildFile; fileRef = 083CF9132ADB21AF001E95D5 /* TickerIntraday.swift */; };
		083CF9162ADB230B001E95D5 /* TickerIntradayDTO.swift in Sources */ = {isa = PBXBuildFile; fileRef = 083CF9152ADB230B001E95D5 /* TickerIntradayDTO.swift */; };
		083CF9182ADB233F001E95D5 /* IntradayDataDTO.swift in Sources */ = {isa = PBXBuildFile; fileRef = 083CF9172ADB233F001E95D5 /* IntradayDataDTO.swift */; };
		083CF91A2ADB6378001E95D5 /* TickerIntradayDetailDTO.swift in Sources */ = {isa = PBXBuildFile; fileRef = 083CF9192ADB6378001E95D5 /* TickerIntradayDetailDTO.swift */; };
		083CF91C2ADC5D4D001E95D5 /* TickerIntradayLatestRequest.swift in Sources */ = {isa = PBXBuildFile; fileRef = 083CF91B2ADC5D4D001E95D5 /* TickerIntradayLatestRequest.swift */; };
		083CF91E2ADC616C001E95D5 /* Double+Ext.swift in Sources */ = {isa = PBXBuildFile; fileRef = 083CF91D2ADC616C001E95D5 /* Double+Ext.swift */; };
		083CF9202ADC6230001E95D5 /* Int+Ext.swift in Sources */ = {isa = PBXBuildFile; fileRef = 083CF91F2ADC6230001E95D5 /* Int+Ext.swift */; };
		083CF9222ADC64A3001E95D5 /* CVDateFormatter.swift in Sources */ = {isa = PBXBuildFile; fileRef = 083CF9212ADC64A3001E95D5 /* CVDateFormatter.swift */; };
		083CF9242ADC8F9F001E95D5 /* TimeIntervalType.swift in Sources */ = {isa = PBXBuildFile; fileRef = 083CF9232ADC8F9F001E95D5 /* TimeIntervalType.swift */; };
		083CF9262ADC9050001E95D5 /* ValueForChartType.swift in Sources */ = {isa = PBXBuildFile; fileRef = 083CF9252ADC9050001E95D5 /* ValueForChartType.swift */; };
		086007A92ADDD983007BB5F1 /* DrawerMenuRouter.swift in Sources */ = {isa = PBXBuildFile; fileRef = 086007A82ADDD983007BB5F1 /* DrawerMenuRouter.swift */; };
		086007AB2ADDDD8B007BB5F1 /* DrawerMenuPresenter.swift in Sources */ = {isa = PBXBuildFile; fileRef = 086007AA2ADDDD8B007BB5F1 /* DrawerMenuPresenter.swift */; };
		086007AF2ADDDE32007BB5F1 /* UserDTO.swift in Sources */ = {isa = PBXBuildFile; fileRef = 086007AE2ADDDE32007BB5F1 /* UserDTO.swift */; };
		086007B12ADDDF8D007BB5F1 /* UserApiGateway.swift in Sources */ = {isa = PBXBuildFile; fileRef = 086007B02ADDDF8D007BB5F1 /* UserApiGateway.swift */; };
		086007B32ADDE4C9007BB5F1 /* UserUseCase.swift in Sources */ = {isa = PBXBuildFile; fileRef = 086007B22ADDE4C9007BB5F1 /* UserUseCase.swift */; };
		086007B52ADDE6D1007BB5F1 /* DrawerMenuConfigurator.swift in Sources */ = {isa = PBXBuildFile; fileRef = 086007B42ADDE6D1007BB5F1 /* DrawerMenuConfigurator.swift */; };
		086007B82ADDEADD007BB5F1 /* DrawerTransitionManager.swift in Sources */ = {isa = PBXBuildFile; fileRef = 086007B72ADDEADD007BB5F1 /* DrawerTransitionManager.swift */; };
		086007BA2ADDECEA007BB5F1 /* DrawerPresentationController.swift in Sources */ = {isa = PBXBuildFile; fileRef = 086007B92ADDECEA007BB5F1 /* DrawerPresentationController.swift */; };
		086007BC2ADDEE58007BB5F1 /* DrawerSlideAnimation.swift in Sources */ = {isa = PBXBuildFile; fileRef = 086007BB2ADDEE58007BB5F1 /* DrawerSlideAnimation.swift */; };
		086007BF2ADDF1D2007BB5F1 /* StorageContext.swift in Sources */ = {isa = PBXBuildFile; fileRef = 086007BE2ADDF1D2007BB5F1 /* StorageContext.swift */; };
		086007C12ADDF353007BB5F1 /* TickerModel.swift in Sources */ = {isa = PBXBuildFile; fileRef = 086007C02ADDF353007BB5F1 /* TickerModel.swift */; };
		089C16132AD59FEA00741169 /* AppDelegate.swift in Sources */ = {isa = PBXBuildFile; fileRef = 089C16122AD59FEA00741169 /* AppDelegate.swift */; };
		089C16152AD59FEA00741169 /* SceneDelegate.swift in Sources */ = {isa = PBXBuildFile; fileRef = 089C16142AD59FEA00741169 /* SceneDelegate.swift */; };
		089C16172AD59FEA00741169 /* WelcomeViewController.swift in Sources */ = {isa = PBXBuildFile; fileRef = 089C16162AD59FEA00741169 /* WelcomeViewController.swift */; };
		089C161A2AD59FEA00741169 /* Main.storyboard in Resources */ = {isa = PBXBuildFile; fileRef = 089C16182AD59FEA00741169 /* Main.storyboard */; };
		089C161C2AD59FEC00741169 /* Assets.xcassets in Resources */ = {isa = PBXBuildFile; fileRef = 089C161B2AD59FEC00741169 /* Assets.xcassets */; };
		089C161F2AD59FEC00741169 /* LaunchScreen.storyboard in Resources */ = {isa = PBXBuildFile; fileRef = 089C161D2AD59FEC00741169 /* LaunchScreen.storyboard */; };
		089C162A2AD59FEC00741169 /* GBMChallengueTests.swift in Sources */ = {isa = PBXBuildFile; fileRef = 089C16292AD59FEC00741169 /* GBMChallengueTests.swift */; };
		089C16342AD59FEC00741169 /* GBMChallengueUITests.swift in Sources */ = {isa = PBXBuildFile; fileRef = 089C16332AD59FEC00741169 /* GBMChallengueUITests.swift */; };
		089C16362AD59FEC00741169 /* GBMChallengueUITestsLaunchTests.swift in Sources */ = {isa = PBXBuildFile; fileRef = 089C16352AD59FEC00741169 /* GBMChallengueUITestsLaunchTests.swift */; };
		089C16472AD5B50000741169 /* StringLocalized.swift in Sources */ = {isa = PBXBuildFile; fileRef = 089C16462AD5B50000741169 /* StringLocalized.swift */; };
		089C164A2AD5B52500741169 /* Colors.xcassets in Resources */ = {isa = PBXBuildFile; fileRef = 089C16492AD5B52500741169 /* Colors.xcassets */; };
		089C165E2AD6000F00741169 /* ApiError.swift in Sources */ = {isa = PBXBuildFile; fileRef = 089C165D2AD6000F00741169 /* ApiError.swift */; };
		089C16602AD6010C00741169 /* ApiResponseProtocol.swift in Sources */ = {isa = PBXBuildFile; fileRef = 089C165F2AD6010C00741169 /* ApiResponseProtocol.swift */; };
		089C16642AD6028B00741169 /* ApiClient.swift in Sources */ = {isa = PBXBuildFile; fileRef = 089C16632AD6028B00741169 /* ApiClient.swift */; };
		089C16682AD60C1500741169 /* ApiRequestProtocol.swift in Sources */ = {isa = PBXBuildFile; fileRef = 089C16672AD60C1500741169 /* ApiRequestProtocol.swift */; };
		089C166A2AD60C5A00741169 /* TickerRequest.swift in Sources */ = {isa = PBXBuildFile; fileRef = 089C16692AD60C5A00741169 /* TickerRequest.swift */; };
		089C166C2AD611DC00741169 /* RequestManager.swift in Sources */ = {isa = PBXBuildFile; fileRef = 089C166B2AD611DC00741169 /* RequestManager.swift */; };
		089C166E2AD6154400741169 /* TickerApiGateway.swift in Sources */ = {isa = PBXBuildFile; fileRef = 089C166D2AD6154400741169 /* TickerApiGateway.swift */; };
		089C16702AD615C500741169 /* Ticker.swift in Sources */ = {isa = PBXBuildFile; fileRef = 089C166F2AD615C500741169 /* Ticker.swift */; };
		089C16712AD6164700741169 /* Localizable.strings in Resources */ = {isa = PBXBuildFile; fileRef = 089C16732AD6164700741169 /* Localizable.strings */; };
		089C16752AD61A2900741169 /* ApiResult.swift in Sources */ = {isa = PBXBuildFile; fileRef = 089C16742AD61A2900741169 /* ApiResult.swift */; };
		089C16782AD76BA600741169 /* FirebaseAnalytics in Frameworks */ = {isa = PBXBuildFile; productRef = 089C16772AD76BA600741169 /* FirebaseAnalytics */; };
		089C167A2AD76BA600741169 /* FirebaseAuth in Frameworks */ = {isa = PBXBuildFile; productRef = 089C16792AD76BA600741169 /* FirebaseAuth */; };
		089C167C2AD76BA600741169 /* FirebaseCrashlytics in Frameworks */ = {isa = PBXBuildFile; productRef = 089C167B2AD76BA600741169 /* FirebaseCrashlytics */; };
		089C167E2AD76BA600741169 /* FirebaseFirestore in Frameworks */ = {isa = PBXBuildFile; productRef = 089C167D2AD76BA600741169 /* FirebaseFirestore */; };
		089C16812AD76C9500741169 /* Realm in Frameworks */ = {isa = PBXBuildFile; productRef = 089C16802AD76C9500741169 /* Realm */; };
		089C16832AD76C9500741169 /* RealmSwift in Frameworks */ = {isa = PBXBuildFile; productRef = 089C16822AD76C9500741169 /* RealmSwift */; };
		089C16862AD76D4C00741169 /* Lottie in Frameworks */ = {isa = PBXBuildFile; productRef = 089C16852AD76D4C00741169 /* Lottie */; };
		089C16892AD7725700741169 /* SignInViewController.swift in Sources */ = {isa = PBXBuildFile; fileRef = 089C16872AD7725700741169 /* SignInViewController.swift */; };
		089C168A2AD7725700741169 /* SignInViewController.xib in Resources */ = {isa = PBXBuildFile; fileRef = 089C16882AD7725700741169 /* SignInViewController.xib */; };
		08A2E5162AE069DB00D3695D /* RestorePasswordViewController.swift in Sources */ = {isa = PBXBuildFile; fileRef = 08A2E5142AE069DB00D3695D /* RestorePasswordViewController.swift */; };
		08A2E5172AE069DB00D3695D /* RestorePasswordViewController.xib in Resources */ = {isa = PBXBuildFile; fileRef = 08A2E5152AE069DB00D3695D /* RestorePasswordViewController.xib */; };
		08A2E5192AE069EF00D3695D /* RestorePasswordRouter.swift in Sources */ = {isa = PBXBuildFile; fileRef = 08A2E5182AE069EF00D3695D /* RestorePasswordRouter.swift */; };
		08A2E51B2AE06A5E00D3695D /* RestorePasswordPresenter.swift in Sources */ = {isa = PBXBuildFile; fileRef = 08A2E51A2AE06A5E00D3695D /* RestorePasswordPresenter.swift */; };
		08A2E51D2AE06B3D00D3695D /* RestorePasswordConfigurator.swift in Sources */ = {isa = PBXBuildFile; fileRef = 08A2E51C2AE06B3D00D3695D /* RestorePasswordConfigurator.swift */; };
		08A2E5232AE1801C00D3695D /* AccessDependency.swift in Sources */ = {isa = PBXBuildFile; fileRef = 08A2E51F2AE1801C00D3695D /* AccessDependency.swift */; };
		08A2E5242AE1801C00D3695D /* ToolsDependency.swift in Sources */ = {isa = PBXBuildFile; fileRef = 08A2E5202AE1801C00D3695D /* ToolsDependency.swift */; };
		08A2E5252AE1801C00D3695D /* ModuleManager.swift in Sources */ = {isa = PBXBuildFile; fileRef = 08A2E5212AE1801C00D3695D /* ModuleManager.swift */; };
		08A2E5262AE1801C00D3695D /* HomeDependency.swift in Sources */ = {isa = PBXBuildFile; fileRef = 08A2E5222AE1801C00D3695D /* HomeDependency.swift */; };
		08CA6B662ADCB8D500650BFC /* Date+Ext.swift in Sources */ = {isa = PBXBuildFile; fileRef = 08CA6B652ADCB8D500650BFC /* Date+Ext.swift */; };
		08CA6B682ADCBFF500650BFC /* UserPrefs.swift in Sources */ = {isa = PBXBuildFile; fileRef = 08CA6B672ADCBFF500650BFC /* UserPrefs.swift */; };
		08CA6B6A2ADCC10200650BFC /* GBMCheckButton.swift in Sources */ = {isa = PBXBuildFile; fileRef = 08CA6B692ADCC10200650BFC /* GBMCheckButton.swift */; };
		08D3F7C42AD775660088C29E /* GBMTextField.swift in Sources */ = {isa = PBXBuildFile; fileRef = 08D3F7C32AD775660088C29E /* GBMTextField.swift */; };
		08D3F7C62AD776450088C29E /* GoogleService-Info.plist in Resources */ = {isa = PBXBuildFile; fileRef = 08D3F7C52AD776450088C29E /* GoogleService-Info.plist */; };
		5EC96C08E6BF47424D0A262C /* Pods_GBMChallengue.framework in Frameworks */ = {isa = PBXBuildFile; fileRef = E29EC7578480905E86CACCA7 /* Pods_GBMChallengue.framework */; };
		A73CF6B90A9DEA5401FEDE7F /* Pods_GBMChallengue_GBMChallengueUITests.framework in Frameworks */ = {isa = PBXBuildFile; fileRef = C8632FBD1D1E67AABDFF191E /* Pods_GBMChallengue_GBMChallengueUITests.framework */; };
		FE3540CCFEC5434FAFD2FE19 /* Pods_GBMChallengueTests.framework in Frameworks */ = {isa = PBXBuildFile; fileRef = 519B73395FEECF0BBCC5ABD8 /* Pods_GBMChallengueTests.framework */; };
/* End PBXBuildFile section */

/* Begin PBXContainerItemProxy section */
		089C16262AD59FEC00741169 /* PBXContainerItemProxy */ = {
			isa = PBXContainerItemProxy;
			containerPortal = 089C16072AD59FEA00741169 /* Project object */;
			proxyType = 1;
			remoteGlobalIDString = 089C160E2AD59FEA00741169;
			remoteInfo = GBMChallengue;
		};
		089C16302AD59FEC00741169 /* PBXContainerItemProxy */ = {
			isa = PBXContainerItemProxy;
			containerPortal = 089C16072AD59FEA00741169 /* Project object */;
			proxyType = 1;
			remoteGlobalIDString = 089C160E2AD59FEA00741169;
			remoteInfo = GBMChallengue;
		};
/* End PBXContainerItemProxy section */

/* Begin PBXFileReference section */
		080EEB832ADDF468008172EB /* StockModel.swift */ = {isa = PBXFileReference; lastKnownFileType = sourcecode.swift; path = StockModel.swift; sourceTree = "<group>"; };
		080EEB862ADDFD10008172EB /* FavoriteTickersViewController.swift */ = {isa = PBXFileReference; lastKnownFileType = sourcecode.swift; path = FavoriteTickersViewController.swift; sourceTree = "<group>"; };
		080EEB872ADDFD10008172EB /* FavoriteTickersViewController.xib */ = {isa = PBXFileReference; lastKnownFileType = file.xib; path = FavoriteTickersViewController.xib; sourceTree = "<group>"; };
		080EEB8A2ADDFD39008172EB /* FavoriteTickersRouter.swift */ = {isa = PBXFileReference; lastKnownFileType = sourcecode.swift; path = FavoriteTickersRouter.swift; sourceTree = "<group>"; };
		080EEB8C2ADDFDCC008172EB /* FavoriteTickerPresenter.swift */ = {isa = PBXFileReference; lastKnownFileType = sourcecode.swift; path = FavoriteTickerPresenter.swift; sourceTree = "<group>"; };
		080EEB8E2ADDFF5E008172EB /* FavoriteTickersConfigurator.swift */ = {isa = PBXFileReference; lastKnownFileType = sourcecode.swift; path = FavoriteTickersConfigurator.swift; sourceTree = "<group>"; };
		080EEB902ADF010F008172EB /* CredentialDTO.swift */ = {isa = PBXFileReference; lastKnownFileType = sourcecode.swift; path = CredentialDTO.swift; sourceTree = "<group>"; };
		080EEB972ADF4855008172EB /* Delay.swift */ = {isa = PBXFileReference; lastKnownFileType = sourcecode.swift; path = Delay.swift; sourceTree = "<group>"; };
		080EEB992AE04218008172EB /* GBMBaseTest.swift */ = {isa = PBXFileReference; lastKnownFileType = sourcecode.swift; path = GBMBaseTest.swift; sourceTree = "<group>"; };
		080EEB9B2AE0473B008172EB /* TestPlan.xctestplan */ = {isa = PBXFileReference; lastKnownFileType = text; path = TestPlan.xctestplan; sourceTree = "<group>"; };
		083CF89F2AD77AC3001E95D5 /* UILabel+Ext.swift */ = {isa = PBXFileReference; lastKnownFileType = sourcecode.swift; path = "UILabel+Ext.swift"; sourceTree = "<group>"; };
		083CF8A12AD77B07001E95D5 /* String+Ext.swift */ = {isa = PBXFileReference; lastKnownFileType = sourcecode.swift; path = "String+Ext.swift"; sourceTree = "<group>"; };
		083CF8A32AD77C0D001E95D5 /* UIView+Ext.swift */ = {isa = PBXFileReference; lastKnownFileType = sourcecode.swift; path = "UIView+Ext.swift"; sourceTree = "<group>"; };
		083CF8A52AD77C8F001E95D5 /* CGFloat+Ext.swift */ = {isa = PBXFileReference; lastKnownFileType = sourcecode.swift; path = "CGFloat+Ext.swift"; sourceTree = "<group>"; };
		083CF8A72AD7822A001E95D5 /* GBMButton.swift */ = {isa = PBXFileReference; lastKnownFileType = sourcecode.swift; path = GBMButton.swift; sourceTree = "<group>"; };
		083CF8A92AD7831F001E95D5 /* UIButton+Ext.swift */ = {isa = PBXFileReference; lastKnownFileType = sourcecode.swift; path = "UIButton+Ext.swift"; sourceTree = "<group>"; };
		083CF8AB2AD7836D001E95D5 /* UITextfield+Ext.swift */ = {isa = PBXFileReference; lastKnownFileType = sourcecode.swift; path = "UITextfield+Ext.swift"; sourceTree = "<group>"; };
		083CF8AD2AD78534001E95D5 /* GBMContainer.swift */ = {isa = PBXFileReference; lastKnownFileType = sourcecode.swift; path = GBMContainer.swift; sourceTree = "<group>"; };
		083CF8AF2AD785AE001E95D5 /* GBMDashedButton.swift */ = {isa = PBXFileReference; lastKnownFileType = sourcecode.swift; path = GBMDashedButton.swift; sourceTree = "<group>"; };
		083CF8B72AD7B595001E95D5 /* SignInRouter.swift */ = {isa = PBXFileReference; lastKnownFileType = sourcecode.swift; path = SignInRouter.swift; sourceTree = "<group>"; };
		083CF8B92AD7B64F001E95D5 /* SignInPresenter.swift */ = {isa = PBXFileReference; lastKnownFileType = sourcecode.swift; path = SignInPresenter.swift; sourceTree = "<group>"; };
		083CF8BB2AD7B869001E95D5 /* SignInConfigurator.swift */ = {isa = PBXFileReference; lastKnownFileType = sourcecode.swift; path = SignInConfigurator.swift; sourceTree = "<group>"; };
		083CF8BE2AD7BA63001E95D5 /* LoaderViewController.swift */ = {isa = PBXFileReference; lastKnownFileType = sourcecode.swift; path = LoaderViewController.swift; sourceTree = "<group>"; };
		083CF8BF2AD7BA63001E95D5 /* LoaderViewController.xib */ = {isa = PBXFileReference; lastKnownFileType = file.xib; path = LoaderViewController.xib; sourceTree = "<group>"; };
		083CF8C22AD7BC26001E95D5 /* UIViewController+Ext.swift */ = {isa = PBXFileReference; lastKnownFileType = sourcecode.swift; path = "UIViewController+Ext.swift"; sourceTree = "<group>"; };
		083CF8C72AD865C3001E95D5 /* SignUpViewController.swift */ = {isa = PBXFileReference; lastKnownFileType = sourcecode.swift; path = SignUpViewController.swift; sourceTree = "<group>"; };
		083CF8C82AD865C3001E95D5 /* SignUpViewController.xib */ = {isa = PBXFileReference; lastKnownFileType = file.xib; path = SignUpViewController.xib; sourceTree = "<group>"; };
		083CF8CB2AD866A9001E95D5 /* SignUpRouter.swift */ = {isa = PBXFileReference; lastKnownFileType = sourcecode.swift; path = SignUpRouter.swift; sourceTree = "<group>"; };
		083CF8CD2AD86743001E95D5 /* SignUpPresenter.swift */ = {isa = PBXFileReference; lastKnownFileType = sourcecode.swift; path = SignUpPresenter.swift; sourceTree = "<group>"; };
		083CF8CF2AD8689B001E95D5 /* SignUpConfigurator.swift */ = {isa = PBXFileReference; lastKnownFileType = sourcecode.swift; path = SignUpConfigurator.swift; sourceTree = "<group>"; };
		083CF8D12AD872EE001E95D5 /* Regex.swift */ = {isa = PBXFileReference; lastKnownFileType = sourcecode.swift; path = Regex.swift; sourceTree = "<group>"; };
		083CF8D32AD89010001E95D5 /* AccessApiGateway.swift */ = {isa = PBXFileReference; lastKnownFileType = sourcecode.swift; path = AccessApiGateway.swift; sourceTree = "<group>"; };
		083CF8D52AD8924B001E95D5 /* SignInRequest.swift */ = {isa = PBXFileReference; lastKnownFileType = sourcecode.swift; path = SignInRequest.swift; sourceTree = "<group>"; };
		083CF8D72AD89433001E95D5 /* SignUpRequest.swift */ = {isa = PBXFileReference; lastKnownFileType = sourcecode.swift; path = SignUpRequest.swift; sourceTree = "<group>"; };
		083CF8DA2AD89670001E95D5 /* FirebaseCollections.swift */ = {isa = PBXFileReference; lastKnownFileType = sourcecode.swift; path = FirebaseCollections.swift; sourceTree = "<group>"; };
		083CF8DC2AD8983B001E95D5 /* AccessUseCase.swift */ = {isa = PBXFileReference; lastKnownFileType = sourcecode.swift; path = AccessUseCase.swift; sourceTree = "<group>"; };
		083CF8DE2AD8997A001E95D5 /* loader.json */ = {isa = PBXFileReference; fileEncoding = 4; lastKnownFileType = text.json; path = loader.json; sourceTree = "<group>"; };
		083CF8E32AD901D2001E95D5 /* DrawerMenuViewController.swift */ = {isa = PBXFileReference; lastKnownFileType = sourcecode.swift; path = DrawerMenuViewController.swift; sourceTree = "<group>"; };
		083CF8E42AD901D2001E95D5 /* DrawerMenuViewController.xib */ = {isa = PBXFileReference; lastKnownFileType = file.xib; path = DrawerMenuViewController.xib; sourceTree = "<group>"; };
		083CF8E82AD90306001E95D5 /* TickerListViewController.swift */ = {isa = PBXFileReference; lastKnownFileType = sourcecode.swift; path = TickerListViewController.swift; sourceTree = "<group>"; };
		083CF8E92AD90306001E95D5 /* TickerListViewController.xib */ = {isa = PBXFileReference; lastKnownFileType = file.xib; path = TickerListViewController.xib; sourceTree = "<group>"; };
		083CF8EC2AD9041E001E95D5 /* UINavigationController+Ext.swift */ = {isa = PBXFileReference; lastKnownFileType = sourcecode.swift; path = "UINavigationController+Ext.swift"; sourceTree = "<group>"; };
		083CF8EF2AD90840001E95D5 /* TickerDetailViewController.swift */ = {isa = PBXFileReference; lastKnownFileType = sourcecode.swift; path = TickerDetailViewController.swift; sourceTree = "<group>"; };
		083CF8F02AD90840001E95D5 /* TickerDetailViewController.xib */ = {isa = PBXFileReference; lastKnownFileType = file.xib; path = TickerDetailViewController.xib; sourceTree = "<group>"; };
		083CF8F32AD9F5F1001E95D5 /* TickerListRouter.swift */ = {isa = PBXFileReference; lastKnownFileType = sourcecode.swift; path = TickerListRouter.swift; sourceTree = "<group>"; };
		083CF8F52AD9F5FE001E95D5 /* TickerListPresenter.swift */ = {isa = PBXFileReference; lastKnownFileType = sourcecode.swift; path = TickerListPresenter.swift; sourceTree = "<group>"; };
		083CF8F72AD9F7B7001E95D5 /* TickerListConfigurator.swift */ = {isa = PBXFileReference; lastKnownFileType = sourcecode.swift; path = TickerListConfigurator.swift; sourceTree = "<group>"; };
		083CF8FA2AD9FB4C001E95D5 /* TickerTableViewCell.swift */ = {isa = PBXFileReference; lastKnownFileType = sourcecode.swift; path = TickerTableViewCell.swift; sourceTree = "<group>"; };
		083CF8FB2AD9FB4C001E95D5 /* TickerTableViewCell.xib */ = {isa = PBXFileReference; lastKnownFileType = file.xib; path = TickerTableViewCell.xib; sourceTree = "<group>"; };
		083CF8FE2AD9FE20001E95D5 /* UITableView+Ext.swift */ = {isa = PBXFileReference; lastKnownFileType = sourcecode.swift; path = "UITableView+Ext.swift"; sourceTree = "<group>"; };
		083CF9002AD9FF52001E95D5 /* TickerUseCase.swift */ = {isa = PBXFileReference; lastKnownFileType = sourcecode.swift; path = TickerUseCase.swift; sourceTree = "<group>"; };
		083CF9032AD9FFED001E95D5 /* TickerDTO.swift */ = {isa = PBXFileReference; lastKnownFileType = sourcecode.swift; path = TickerDTO.swift; sourceTree = "<group>"; };
		083CF9052ADA009F001E95D5 /* TickerDetailDTO.swift */ = {isa = PBXFileReference; lastKnownFileType = sourcecode.swift; path = TickerDetailDTO.swift; sourceTree = "<group>"; };
		083CF9072ADA00DA001E95D5 /* StockDTO.swift */ = {isa = PBXFileReference; lastKnownFileType = sourcecode.swift; path = StockDTO.swift; sourceTree = "<group>"; };
		083CF9092ADA5032001E95D5 /* TickerDetailRouter.swift */ = {isa = PBXFileReference; lastKnownFileType = sourcecode.swift; path = TickerDetailRouter.swift; sourceTree = "<group>"; };
		083CF90B2ADA518B001E95D5 /* TickerDetailPresenter.swift */ = {isa = PBXFileReference; lastKnownFileType = sourcecode.swift; path = TickerDetailPresenter.swift; sourceTree = "<group>"; };
		083CF90D2ADA527C001E95D5 /* TickerDetailConfigurator.swift */ = {isa = PBXFileReference; lastKnownFileType = sourcecode.swift; path = TickerDetailConfigurator.swift; sourceTree = "<group>"; };
		083CF90F2ADA5A18001E95D5 /* GBMFilterButton.swift */ = {isa = PBXFileReference; lastKnownFileType = sourcecode.swift; path = GBMFilterButton.swift; sourceTree = "<group>"; };
		083CF9112ADB1DE0001E95D5 /* TickerIntradayRequest.swift */ = {isa = PBXFileReference; lastKnownFileType = sourcecode.swift; path = TickerIntradayRequest.swift; sourceTree = "<group>"; };
		083CF9132ADB21AF001E95D5 /* TickerIntraday.swift */ = {isa = PBXFileReference; lastKnownFileType = sourcecode.swift; path = TickerIntraday.swift; sourceTree = "<group>"; };
		083CF9152ADB230B001E95D5 /* TickerIntradayDTO.swift */ = {isa = PBXFileReference; lastKnownFileType = sourcecode.swift; path = TickerIntradayDTO.swift; sourceTree = "<group>"; };
		083CF9172ADB233F001E95D5 /* IntradayDataDTO.swift */ = {isa = PBXFileReference; lastKnownFileType = sourcecode.swift; path = IntradayDataDTO.swift; sourceTree = "<group>"; };
		083CF9192ADB6378001E95D5 /* TickerIntradayDetailDTO.swift */ = {isa = PBXFileReference; lastKnownFileType = sourcecode.swift; path = TickerIntradayDetailDTO.swift; sourceTree = "<group>"; };
		083CF91B2ADC5D4D001E95D5 /* TickerIntradayLatestRequest.swift */ = {isa = PBXFileReference; lastKnownFileType = sourcecode.swift; path = TickerIntradayLatestRequest.swift; sourceTree = "<group>"; };
		083CF91D2ADC616C001E95D5 /* Double+Ext.swift */ = {isa = PBXFileReference; lastKnownFileType = sourcecode.swift; path = "Double+Ext.swift"; sourceTree = "<group>"; };
		083CF91F2ADC6230001E95D5 /* Int+Ext.swift */ = {isa = PBXFileReference; lastKnownFileType = sourcecode.swift; path = "Int+Ext.swift"; sourceTree = "<group>"; };
		083CF9212ADC64A3001E95D5 /* CVDateFormatter.swift */ = {isa = PBXFileReference; lastKnownFileType = sourcecode.swift; path = CVDateFormatter.swift; sourceTree = "<group>"; };
		083CF9232ADC8F9F001E95D5 /* TimeIntervalType.swift */ = {isa = PBXFileReference; lastKnownFileType = sourcecode.swift; path = TimeIntervalType.swift; sourceTree = "<group>"; };
		083CF9252ADC9050001E95D5 /* ValueForChartType.swift */ = {isa = PBXFileReference; lastKnownFileType = sourcecode.swift; path = ValueForChartType.swift; sourceTree = "<group>"; };
		086007A82ADDD983007BB5F1 /* DrawerMenuRouter.swift */ = {isa = PBXFileReference; lastKnownFileType = sourcecode.swift; path = DrawerMenuRouter.swift; sourceTree = "<group>"; };
		086007AA2ADDDD8B007BB5F1 /* DrawerMenuPresenter.swift */ = {isa = PBXFileReference; lastKnownFileType = sourcecode.swift; path = DrawerMenuPresenter.swift; sourceTree = "<group>"; };
		086007AE2ADDDE32007BB5F1 /* UserDTO.swift */ = {isa = PBXFileReference; lastKnownFileType = sourcecode.swift; path = UserDTO.swift; sourceTree = "<group>"; };
		086007B02ADDDF8D007BB5F1 /* UserApiGateway.swift */ = {isa = PBXFileReference; lastKnownFileType = sourcecode.swift; path = UserApiGateway.swift; sourceTree = "<group>"; };
		086007B22ADDE4C9007BB5F1 /* UserUseCase.swift */ = {isa = PBXFileReference; lastKnownFileType = sourcecode.swift; path = UserUseCase.swift; sourceTree = "<group>"; };
		086007B42ADDE6D1007BB5F1 /* DrawerMenuConfigurator.swift */ = {isa = PBXFileReference; lastKnownFileType = sourcecode.swift; path = DrawerMenuConfigurator.swift; sourceTree = "<group>"; };
		086007B72ADDEADD007BB5F1 /* DrawerTransitionManager.swift */ = {isa = PBXFileReference; lastKnownFileType = sourcecode.swift; path = DrawerTransitionManager.swift; sourceTree = "<group>"; };
		086007B92ADDECEA007BB5F1 /* DrawerPresentationController.swift */ = {isa = PBXFileReference; lastKnownFileType = sourcecode.swift; path = DrawerPresentationController.swift; sourceTree = "<group>"; };
		086007BB2ADDEE58007BB5F1 /* DrawerSlideAnimation.swift */ = {isa = PBXFileReference; lastKnownFileType = sourcecode.swift; path = DrawerSlideAnimation.swift; sourceTree = "<group>"; };
		086007BE2ADDF1D2007BB5F1 /* StorageContext.swift */ = {isa = PBXFileReference; lastKnownFileType = sourcecode.swift; path = StorageContext.swift; sourceTree = "<group>"; };
		086007C02ADDF353007BB5F1 /* TickerModel.swift */ = {isa = PBXFileReference; lastKnownFileType = sourcecode.swift; path = TickerModel.swift; sourceTree = "<group>"; };
		089C160F2AD59FEA00741169 /* GBMChallengue.app */ = {isa = PBXFileReference; explicitFileType = wrapper.application; includeInIndex = 0; path = GBMChallengue.app; sourceTree = BUILT_PRODUCTS_DIR; };
		089C16122AD59FEA00741169 /* AppDelegate.swift */ = {isa = PBXFileReference; lastKnownFileType = sourcecode.swift; path = AppDelegate.swift; sourceTree = "<group>"; };
		089C16142AD59FEA00741169 /* SceneDelegate.swift */ = {isa = PBXFileReference; lastKnownFileType = sourcecode.swift; path = SceneDelegate.swift; sourceTree = "<group>"; };
		089C16162AD59FEA00741169 /* WelcomeViewController.swift */ = {isa = PBXFileReference; lastKnownFileType = sourcecode.swift; path = WelcomeViewController.swift; sourceTree = "<group>"; };
		089C16192AD59FEA00741169 /* Base */ = {isa = PBXFileReference; lastKnownFileType = file.storyboard; name = Base; path = Base.lproj/Main.storyboard; sourceTree = "<group>"; };
		089C161B2AD59FEC00741169 /* Assets.xcassets */ = {isa = PBXFileReference; lastKnownFileType = folder.assetcatalog; path = Assets.xcassets; sourceTree = "<group>"; };
		089C161E2AD59FEC00741169 /* Base */ = {isa = PBXFileReference; lastKnownFileType = file.storyboard; name = Base; path = Base.lproj/LaunchScreen.storyboard; sourceTree = "<group>"; };
		089C16202AD59FEC00741169 /* Info.plist */ = {isa = PBXFileReference; lastKnownFileType = text.plist.xml; path = Info.plist; sourceTree = "<group>"; };
		089C16252AD59FEC00741169 /* GBMChallengueTests.xctest */ = {isa = PBXFileReference; explicitFileType = wrapper.cfbundle; includeInIndex = 0; path = GBMChallengueTests.xctest; sourceTree = BUILT_PRODUCTS_DIR; };
		089C16292AD59FEC00741169 /* GBMChallengueTests.swift */ = {isa = PBXFileReference; lastKnownFileType = sourcecode.swift; path = GBMChallengueTests.swift; sourceTree = "<group>"; };
		089C162F2AD59FEC00741169 /* GBMChallengueUITests.xctest */ = {isa = PBXFileReference; explicitFileType = wrapper.cfbundle; includeInIndex = 0; path = GBMChallengueUITests.xctest; sourceTree = BUILT_PRODUCTS_DIR; };
		089C16332AD59FEC00741169 /* GBMChallengueUITests.swift */ = {isa = PBXFileReference; lastKnownFileType = sourcecode.swift; path = GBMChallengueUITests.swift; sourceTree = "<group>"; };
		089C16352AD59FEC00741169 /* GBMChallengueUITestsLaunchTests.swift */ = {isa = PBXFileReference; lastKnownFileType = sourcecode.swift; path = GBMChallengueUITestsLaunchTests.swift; sourceTree = "<group>"; };
		089C16462AD5B50000741169 /* StringLocalized.swift */ = {isa = PBXFileReference; lastKnownFileType = sourcecode.swift; path = StringLocalized.swift; sourceTree = "<group>"; };
		089C16492AD5B52500741169 /* Colors.xcassets */ = {isa = PBXFileReference; lastKnownFileType = folder.assetcatalog; path = Colors.xcassets; sourceTree = "<group>"; };
		089C165D2AD6000F00741169 /* ApiError.swift */ = {isa = PBXFileReference; lastKnownFileType = sourcecode.swift; path = ApiError.swift; sourceTree = "<group>"; };
		089C165F2AD6010C00741169 /* ApiResponseProtocol.swift */ = {isa = PBXFileReference; lastKnownFileType = sourcecode.swift; path = ApiResponseProtocol.swift; sourceTree = "<group>"; };
		089C16632AD6028B00741169 /* ApiClient.swift */ = {isa = PBXFileReference; lastKnownFileType = sourcecode.swift; path = ApiClient.swift; sourceTree = "<group>"; };
		089C16672AD60C1500741169 /* ApiRequestProtocol.swift */ = {isa = PBXFileReference; lastKnownFileType = sourcecode.swift; path = ApiRequestProtocol.swift; sourceTree = "<group>"; };
		089C16692AD60C5A00741169 /* TickerRequest.swift */ = {isa = PBXFileReference; lastKnownFileType = sourcecode.swift; path = TickerRequest.swift; sourceTree = "<group>"; };
		089C166B2AD611DC00741169 /* RequestManager.swift */ = {isa = PBXFileReference; lastKnownFileType = sourcecode.swift; path = RequestManager.swift; sourceTree = "<group>"; };
		089C166D2AD6154400741169 /* TickerApiGateway.swift */ = {isa = PBXFileReference; lastKnownFileType = sourcecode.swift; path = TickerApiGateway.swift; sourceTree = "<group>"; };
		089C166F2AD615C500741169 /* Ticker.swift */ = {isa = PBXFileReference; lastKnownFileType = sourcecode.swift; path = Ticker.swift; sourceTree = "<group>"; };
		089C16722AD6164700741169 /* en */ = {isa = PBXFileReference; lastKnownFileType = text.plist.strings; name = en; path = en.lproj/Localizable.strings; sourceTree = "<group>"; };
		089C16742AD61A2900741169 /* ApiResult.swift */ = {isa = PBXFileReference; lastKnownFileType = sourcecode.swift; path = ApiResult.swift; sourceTree = "<group>"; };
		089C16872AD7725700741169 /* SignInViewController.swift */ = {isa = PBXFileReference; lastKnownFileType = sourcecode.swift; path = SignInViewController.swift; sourceTree = "<group>"; };
		089C16882AD7725700741169 /* SignInViewController.xib */ = {isa = PBXFileReference; lastKnownFileType = file.xib; path = SignInViewController.xib; sourceTree = "<group>"; };
		08A2E5142AE069DB00D3695D /* RestorePasswordViewController.swift */ = {isa = PBXFileReference; lastKnownFileType = sourcecode.swift; path = RestorePasswordViewController.swift; sourceTree = "<group>"; };
		08A2E5152AE069DB00D3695D /* RestorePasswordViewController.xib */ = {isa = PBXFileReference; lastKnownFileType = file.xib; path = RestorePasswordViewController.xib; sourceTree = "<group>"; };
		08A2E5182AE069EF00D3695D /* RestorePasswordRouter.swift */ = {isa = PBXFileReference; lastKnownFileType = sourcecode.swift; path = RestorePasswordRouter.swift; sourceTree = "<group>"; };
		08A2E51A2AE06A5E00D3695D /* RestorePasswordPresenter.swift */ = {isa = PBXFileReference; lastKnownFileType = sourcecode.swift; path = RestorePasswordPresenter.swift; sourceTree = "<group>"; };
		08A2E51C2AE06B3D00D3695D /* RestorePasswordConfigurator.swift */ = {isa = PBXFileReference; lastKnownFileType = sourcecode.swift; path = RestorePasswordConfigurator.swift; sourceTree = "<group>"; };
		08A2E51F2AE1801C00D3695D /* AccessDependency.swift */ = {isa = PBXFileReference; fileEncoding = 4; lastKnownFileType = sourcecode.swift; path = AccessDependency.swift; sourceTree = "<group>"; };
		08A2E5202AE1801C00D3695D /* ToolsDependency.swift */ = {isa = PBXFileReference; fileEncoding = 4; lastKnownFileType = sourcecode.swift; path = ToolsDependency.swift; sourceTree = "<group>"; };
		08A2E5212AE1801C00D3695D /* ModuleManager.swift */ = {isa = PBXFileReference; fileEncoding = 4; lastKnownFileType = sourcecode.swift; path = ModuleManager.swift; sourceTree = "<group>"; };
		08A2E5222AE1801C00D3695D /* HomeDependency.swift */ = {isa = PBXFileReference; fileEncoding = 4; lastKnownFileType = sourcecode.swift; path = HomeDependency.swift; sourceTree = "<group>"; };
		08CA6B652ADCB8D500650BFC /* Date+Ext.swift */ = {isa = PBXFileReference; lastKnownFileType = sourcecode.swift; path = "Date+Ext.swift"; sourceTree = "<group>"; };
		08CA6B672ADCBFF500650BFC /* UserPrefs.swift */ = {isa = PBXFileReference; lastKnownFileType = sourcecode.swift; path = UserPrefs.swift; sourceTree = "<group>"; };
		08CA6B692ADCC10200650BFC /* GBMCheckButton.swift */ = {isa = PBXFileReference; lastKnownFileType = sourcecode.swift; path = GBMCheckButton.swift; sourceTree = "<group>"; };
		08D3F7C32AD775660088C29E /* GBMTextField.swift */ = {isa = PBXFileReference; lastKnownFileType = sourcecode.swift; path = GBMTextField.swift; sourceTree = "<group>"; };
		08D3F7C52AD776450088C29E /* GoogleService-Info.plist */ = {isa = PBXFileReference; fileEncoding = 4; lastKnownFileType = text.plist.xml; path = "GoogleService-Info.plist"; sourceTree = "<group>"; };
		24018E08650A13FCC2F791A1 /* Pods-GBMChallengue-GBMChallengueUITests.release.xcconfig */ = {isa = PBXFileReference; includeInIndex = 1; lastKnownFileType = text.xcconfig; name = "Pods-GBMChallengue-GBMChallengueUITests.release.xcconfig"; path = "Target Support Files/Pods-GBMChallengue-GBMChallengueUITests/Pods-GBMChallengue-GBMChallengueUITests.release.xcconfig"; sourceTree = "<group>"; };
		4189D39BBC606403D02DD7C4 /* Pods-GBMChallengueTests.release.xcconfig */ = {isa = PBXFileReference; includeInIndex = 1; lastKnownFileType = text.xcconfig; name = "Pods-GBMChallengueTests.release.xcconfig"; path = "Target Support Files/Pods-GBMChallengueTests/Pods-GBMChallengueTests.release.xcconfig"; sourceTree = "<group>"; };
		519B73395FEECF0BBCC5ABD8 /* Pods_GBMChallengueTests.framework */ = {isa = PBXFileReference; explicitFileType = wrapper.framework; includeInIndex = 0; path = Pods_GBMChallengueTests.framework; sourceTree = BUILT_PRODUCTS_DIR; };
		9CF4670E0B544C736C02E56D /* Pods-GBMChallengue.release.xcconfig */ = {isa = PBXFileReference; includeInIndex = 1; lastKnownFileType = text.xcconfig; name = "Pods-GBMChallengue.release.xcconfig"; path = "Target Support Files/Pods-GBMChallengue/Pods-GBMChallengue.release.xcconfig"; sourceTree = "<group>"; };
		C8632FBD1D1E67AABDFF191E /* Pods_GBMChallengue_GBMChallengueUITests.framework */ = {isa = PBXFileReference; explicitFileType = wrapper.framework; includeInIndex = 0; path = Pods_GBMChallengue_GBMChallengueUITests.framework; sourceTree = BUILT_PRODUCTS_DIR; };
		E29EC7578480905E86CACCA7 /* Pods_GBMChallengue.framework */ = {isa = PBXFileReference; explicitFileType = wrapper.framework; includeInIndex = 0; path = Pods_GBMChallengue.framework; sourceTree = BUILT_PRODUCTS_DIR; };
		ECDCB776323665A846404637 /* Pods-GBMChallengue-GBMChallengueUITests.debug.xcconfig */ = {isa = PBXFileReference; includeInIndex = 1; lastKnownFileType = text.xcconfig; name = "Pods-GBMChallengue-GBMChallengueUITests.debug.xcconfig"; path = "Target Support Files/Pods-GBMChallengue-GBMChallengueUITests/Pods-GBMChallengue-GBMChallengueUITests.debug.xcconfig"; sourceTree = "<group>"; };
		ED543A1ACB7E024994B92939 /* Pods-GBMChallengue.debug.xcconfig */ = {isa = PBXFileReference; includeInIndex = 1; lastKnownFileType = text.xcconfig; name = "Pods-GBMChallengue.debug.xcconfig"; path = "Target Support Files/Pods-GBMChallengue/Pods-GBMChallengue.debug.xcconfig"; sourceTree = "<group>"; };
		FF28F99448F8807948E9E182 /* Pods-GBMChallengueTests.debug.xcconfig */ = {isa = PBXFileReference; includeInIndex = 1; lastKnownFileType = text.xcconfig; name = "Pods-GBMChallengueTests.debug.xcconfig"; path = "Target Support Files/Pods-GBMChallengueTests/Pods-GBMChallengueTests.debug.xcconfig"; sourceTree = "<group>"; };
/* End PBXFileReference section */

/* Begin PBXFrameworksBuildPhase section */
		089C160C2AD59FEA00741169 /* Frameworks */ = {
			isa = PBXFrameworksBuildPhase;
			buildActionMask = 2147483647;
			files = (
				080EEB942ADF09E9008172EB /* RxCocoa in Frameworks */,
				089C16832AD76C9500741169 /* RealmSwift in Frameworks */,
				080EEB962ADF09E9008172EB /* RxSwift in Frameworks */,
				089C16862AD76D4C00741169 /* Lottie in Frameworks */,
				089C167C2AD76BA600741169 /* FirebaseCrashlytics in Frameworks */,
				089C167E2AD76BA600741169 /* FirebaseFirestore in Frameworks */,
				089C16782AD76BA600741169 /* FirebaseAnalytics in Frameworks */,
				089C167A2AD76BA600741169 /* FirebaseAuth in Frameworks */,
				089C16812AD76C9500741169 /* Realm in Frameworks */,
				5EC96C08E6BF47424D0A262C /* Pods_GBMChallengue.framework in Frameworks */,
			);
			runOnlyForDeploymentPostprocessing = 0;
		};
		089C16222AD59FEC00741169 /* Frameworks */ = {
			isa = PBXFrameworksBuildPhase;
			buildActionMask = 2147483647;
			files = (
				080EEBA12AE04AA6008172EB /* RxCocoa in Frameworks */,
				080EEB9D2AE04941008172EB /* Realm in Frameworks */,
				FE3540CCFEC5434FAFD2FE19 /* Pods_GBMChallengueTests.framework in Frameworks */,
				080EEBA52AE04AC1008172EB /* FirebaseFirestore in Frameworks */,
				080EEBA32AE04AC1008172EB /* FirebaseAuth in Frameworks */,
			);
			runOnlyForDeploymentPostprocessing = 0;
		};
		089C162C2AD59FEC00741169 /* Frameworks */ = {
			isa = PBXFrameworksBuildPhase;
			buildActionMask = 2147483647;
			files = (
				A73CF6B90A9DEA5401FEDE7F /* Pods_GBMChallengue_GBMChallengueUITests.framework in Frameworks */,
			);
			runOnlyForDeploymentPostprocessing = 0;
		};
/* End PBXFrameworksBuildPhase section */

/* Begin PBXGroup section */
		080EEB852ADDFCE9008172EB /* FavoriteTickers */ = {
			isa = PBXGroup;
			children = (
				080EEB8C2ADDFDCC008172EB /* FavoriteTickerPresenter.swift */,
				080EEB8E2ADDFF5E008172EB /* FavoriteTickersConfigurator.swift */,
				080EEB8A2ADDFD39008172EB /* FavoriteTickersRouter.swift */,
				080EEB862ADDFD10008172EB /* FavoriteTickersViewController.swift */,
				080EEB872ADDFD10008172EB /* FavoriteTickersViewController.xib */,
			);
			path = FavoriteTickers;
			sourceTree = "<group>";
		};
		083CF8B12AD786FA001E95D5 /* Welcome */ = {
			isa = PBXGroup;
			children = (
				089C16162AD59FEA00741169 /* WelcomeViewController.swift */,
				089C16182AD59FEA00741169 /* Main.storyboard */,
			);
			path = Welcome;
			sourceTree = "<group>";
		};
		083CF8B22AD78709001E95D5 /* SignIn */ = {
			isa = PBXGroup;
			children = (
				083CF8BB2AD7B869001E95D5 /* SignInConfigurator.swift */,
				083CF8B92AD7B64F001E95D5 /* SignInPresenter.swift */,
				083CF8B72AD7B595001E95D5 /* SignInRouter.swift */,
				089C16872AD7725700741169 /* SignInViewController.swift */,
				089C16882AD7725700741169 /* SignInViewController.xib */,
			);
			path = SignIn;
			sourceTree = "<group>";
		};
		083CF8BD2AD7BA4A001E95D5 /* Loader */ = {
			isa = PBXGroup;
			children = (
				083CF8BE2AD7BA63001E95D5 /* LoaderViewController.swift */,
				083CF8BF2AD7BA63001E95D5 /* LoaderViewController.xib */,
			);
			path = Loader;
			sourceTree = "<group>";
		};
		083CF8C62AD865B5001E95D5 /* SignUp */ = {
			isa = PBXGroup;
			children = (
				083CF8CF2AD8689B001E95D5 /* SignUpConfigurator.swift */,
				083CF8CD2AD86743001E95D5 /* SignUpPresenter.swift */,
				083CF8CB2AD866A9001E95D5 /* SignUpRouter.swift */,
				083CF8C72AD865C3001E95D5 /* SignUpViewController.swift */,
				083CF8C82AD865C3001E95D5 /* SignUpViewController.xib */,
			);
			path = SignUp;
			sourceTree = "<group>";
		};
		083CF8D92AD89663001E95D5 /* Constants */ = {
			isa = PBXGroup;
			children = (
				083CF8DA2AD89670001E95D5 /* FirebaseCollections.swift */,
			);
			path = Constants;
			sourceTree = "<group>";
		};
		083CF8E22AD901C0001E95D5 /* DrawerMenu */ = {
			isa = PBXGroup;
			children = (
				086007B62ADDEAC5007BB5F1 /* Manager */,
				086007B42ADDE6D1007BB5F1 /* DrawerMenuConfigurator.swift */,
				086007AA2ADDDD8B007BB5F1 /* DrawerMenuPresenter.swift */,
				086007A82ADDD983007BB5F1 /* DrawerMenuRouter.swift */,
				083CF8E32AD901D2001E95D5 /* DrawerMenuViewController.swift */,
				083CF8E42AD901D2001E95D5 /* DrawerMenuViewController.xib */,
			);
			path = DrawerMenu;
			sourceTree = "<group>";
		};
		083CF8E72AD902E5001E95D5 /* TickerList */ = {
			isa = PBXGroup;
			children = (
				083CF8F72AD9F7B7001E95D5 /* TickerListConfigurator.swift */,
				083CF8F52AD9F5FE001E95D5 /* TickerListPresenter.swift */,
				083CF8F32AD9F5F1001E95D5 /* TickerListRouter.swift */,
				083CF8E82AD90306001E95D5 /* TickerListViewController.swift */,
				083CF8E92AD90306001E95D5 /* TickerListViewController.xib */,
			);
			path = TickerList;
			sourceTree = "<group>";
		};
		083CF8EE2AD90826001E95D5 /* TickerDetail */ = {
			isa = PBXGroup;
			children = (
				083CF90D2ADA527C001E95D5 /* TickerDetailConfigurator.swift */,
				083CF90B2ADA518B001E95D5 /* TickerDetailPresenter.swift */,
				083CF9092ADA5032001E95D5 /* TickerDetailRouter.swift */,
				083CF8EF2AD90840001E95D5 /* TickerDetailViewController.swift */,
				083CF8F02AD90840001E95D5 /* TickerDetailViewController.xib */,
			);
			path = TickerDetail;
			sourceTree = "<group>";
		};
		083CF9022AD9FFE0001E95D5 /* DomainObjects */ = {
			isa = PBXGroup;
			children = (
				083CF9032AD9FFED001E95D5 /* TickerDTO.swift */,
				083CF9052ADA009F001E95D5 /* TickerDetailDTO.swift */,
				083CF9072ADA00DA001E95D5 /* StockDTO.swift */,
				083CF9152ADB230B001E95D5 /* TickerIntradayDTO.swift */,
				083CF9172ADB233F001E95D5 /* IntradayDataDTO.swift */,
				083CF9192ADB6378001E95D5 /* TickerIntradayDetailDTO.swift */,
				086007AE2ADDDE32007BB5F1 /* UserDTO.swift */,
				080EEB902ADF010F008172EB /* CredentialDTO.swift */,
			);
			path = DomainObjects;
			sourceTree = "<group>";
		};
		086007B62ADDEAC5007BB5F1 /* Manager */ = {
			isa = PBXGroup;
			children = (
				086007B72ADDEADD007BB5F1 /* DrawerTransitionManager.swift */,
				086007B92ADDECEA007BB5F1 /* DrawerPresentationController.swift */,
				086007BB2ADDEE58007BB5F1 /* DrawerSlideAnimation.swift */,
			);
			path = Manager;
			sourceTree = "<group>";
		};
		086007BD2ADDF1BD007BB5F1 /* StorageContext */ = {
			isa = PBXGroup;
			children = (
				086007BE2ADDF1D2007BB5F1 /* StorageContext.swift */,
			);
			path = StorageContext;
			sourceTree = "<group>";
		};
		089C16062AD59FEA00741169 = {
			isa = PBXGroup;
			children = (
				089C16112AD59FEA00741169 /* GBMChallengue */,
				089C16282AD59FEC00741169 /* GBMChallengueTests */,
				089C16322AD59FEC00741169 /* GBMChallengueUITests */,
				089C16102AD59FEA00741169 /* Products */,
				3E6402EE70867BE7F2BF7179 /* Pods */,
				6F407C654839AA08D79B6CF8 /* Frameworks */,
			);
			sourceTree = "<group>";
		};
		089C16102AD59FEA00741169 /* Products */ = {
			isa = PBXGroup;
			children = (
				089C160F2AD59FEA00741169 /* GBMChallengue.app */,
				089C16252AD59FEC00741169 /* GBMChallengueTests.xctest */,
				089C162F2AD59FEC00741169 /* GBMChallengueUITests.xctest */,
			);
			name = Products;
			sourceTree = "<group>";
		};
		089C16112AD59FEA00741169 /* GBMChallengue */ = {
			isa = PBXGroup;
			children = (
				08D3F7C52AD776450088C29E /* GoogleService-Info.plist */,
				089C16202AD59FEC00741169 /* Info.plist */,
				089C16122AD59FEA00741169 /* AppDelegate.swift */,
				089C16142AD59FEA00741169 /* SceneDelegate.swift */,
				089C16422AD5B4C200741169 /* Assets */,
				089C164E2AD5B5A200741169 /* Data */,
				089C164D2AD5B57300741169 /* Domain */,
				089C164F2AD5B5A700741169 /* UI */,
				089C164B2AD5B53800741169 /* Utils */,
				080EEB9B2AE0473B008172EB /* TestPlan.xctestplan */,
			);
			path = GBMChallengue;
			sourceTree = "<group>";
		};
		089C16282AD59FEC00741169 /* GBMChallengueTests */ = {
			isa = PBXGroup;
			children = (
				089C16292AD59FEC00741169 /* GBMChallengueTests.swift */,
				080EEB992AE04218008172EB /* GBMBaseTest.swift */,
			);
			path = GBMChallengueTests;
			sourceTree = "<group>";
		};
		089C16322AD59FEC00741169 /* GBMChallengueUITests */ = {
			isa = PBXGroup;
			children = (
				089C16332AD59FEC00741169 /* GBMChallengueUITests.swift */,
				089C16352AD59FEC00741169 /* GBMChallengueUITestsLaunchTests.swift */,
			);
			path = GBMChallengueUITests;
			sourceTree = "<group>";
		};
		089C16422AD5B4C200741169 /* Assets */ = {
			isa = PBXGroup;
			children = (
				089C161B2AD59FEC00741169 /* Assets.xcassets */,
				089C16492AD5B52500741169 /* Colors.xcassets */,
				089C16482AD5B50D00741169 /* Animations */,
				089C16432AD5B4CC00741169 /* Strings */,
			);
			path = Assets;
			sourceTree = "<group>";
		};
		089C16432AD5B4CC00741169 /* Strings */ = {
			isa = PBXGroup;
			children = (
				089C16732AD6164700741169 /* Localizable.strings */,
				089C16462AD5B50000741169 /* StringLocalized.swift */,
			);
			path = Strings;
			sourceTree = "<group>";
		};
		089C16482AD5B50D00741169 /* Animations */ = {
			isa = PBXGroup;
			children = (
				083CF8DE2AD8997A001E95D5 /* loader.json */,
			);
			path = Animations;
			sourceTree = "<group>";
		};
		089C164B2AD5B53800741169 /* Utils */ = {
			isa = PBXGroup;
			children = (
				08A2E51E2AE1800400D3695D /* Dependencies */,
				083CF8D92AD89663001E95D5 /* Constants */,
				089C164C2AD5B53E00741169 /* Extensions */,
				089C165A2AD5B66500741169 /* Tools */,
				089C16572AD5B61500741169 /* Types */,
			);
			path = Utils;
			sourceTree = "<group>";
		};
		089C164C2AD5B53E00741169 /* Extensions */ = {
			isa = PBXGroup;
			children = (
				083CF8A52AD77C8F001E95D5 /* CGFloat+Ext.swift */,
				08CA6B652ADCB8D500650BFC /* Date+Ext.swift */,
				083CF91D2ADC616C001E95D5 /* Double+Ext.swift */,
				083CF91F2ADC6230001E95D5 /* Int+Ext.swift */,
				083CF8A12AD77B07001E95D5 /* String+Ext.swift */,
				083CF8A92AD7831F001E95D5 /* UIButton+Ext.swift */,
				083CF89F2AD77AC3001E95D5 /* UILabel+Ext.swift */,
				083CF8EC2AD9041E001E95D5 /* UINavigationController+Ext.swift */,
				083CF8FE2AD9FE20001E95D5 /* UITableView+Ext.swift */,
				083CF8AB2AD7836D001E95D5 /* UITextfield+Ext.swift */,
				083CF8A32AD77C0D001E95D5 /* UIView+Ext.swift */,
				083CF8C22AD7BC26001E95D5 /* UIViewController+Ext.swift */,
			);
			path = Extensions;
			sourceTree = "<group>";
		};
		089C164D2AD5B57300741169 /* Domain */ = {
			isa = PBXGroup;
			children = (
				083CF9022AD9FFE0001E95D5 /* DomainObjects */,
				089C16552AD5B5FB00741169 /* UseCases */,
			);
			path = Domain;
			sourceTree = "<group>";
		};
		089C164E2AD5B5A200741169 /* Data */ = {
			isa = PBXGroup;
			children = (
				086007BD2ADDF1BD007BB5F1 /* StorageContext */,
				089C165C2AD6000000741169 /* Network */,
				089C16582AD5B63900741169 /* Defaults */,
				089C16522AD5B5C700741169 /* Entities */,
				089C16542AD5B5EF00741169 /* Gateways */,
				089C16532AD5B5D000741169 /* Models */,
				089C165B2AD5B67A00741169 /* Requests */,
			);
			path = Data;
			sourceTree = "<group>";
		};
		089C164F2AD5B5A700741169 /* UI */ = {
			isa = PBXGroup;
			children = (
				08D3F7C22AD775560088C29E /* Components */,
				089C161D2AD59FEC00741169 /* LaunchScreen.storyboard */,
				089C16512AD5B5B500741169 /* Cells */,
				089C16502AD5B5AF00741169 /* Scenes */,
			);
			path = UI;
			sourceTree = "<group>";
		};
		089C16502AD5B5AF00741169 /* Scenes */ = {
			isa = PBXGroup;
			children = (
				08A2E5132AE069C700D3695D /* RestorePassword */,
				080EEB852ADDFCE9008172EB /* FavoriteTickers */,
				083CF8EE2AD90826001E95D5 /* TickerDetail */,
				083CF8E72AD902E5001E95D5 /* TickerList */,
				083CF8E22AD901C0001E95D5 /* DrawerMenu */,
				083CF8C62AD865B5001E95D5 /* SignUp */,
				083CF8B22AD78709001E95D5 /* SignIn */,
				083CF8B12AD786FA001E95D5 /* Welcome */,
			);
			path = Scenes;
			sourceTree = "<group>";
		};
		089C16512AD5B5B500741169 /* Cells */ = {
			isa = PBXGroup;
			children = (
				083CF8FA2AD9FB4C001E95D5 /* TickerTableViewCell.swift */,
				083CF8FB2AD9FB4C001E95D5 /* TickerTableViewCell.xib */,
			);
			path = Cells;
			sourceTree = "<group>";
		};
		089C16522AD5B5C700741169 /* Entities */ = {
			isa = PBXGroup;
			children = (
				089C166F2AD615C500741169 /* Ticker.swift */,
				083CF9132ADB21AF001E95D5 /* TickerIntraday.swift */,
			);
			path = Entities;
			sourceTree = "<group>";
		};
		089C16532AD5B5D000741169 /* Models */ = {
			isa = PBXGroup;
			children = (
				086007C02ADDF353007BB5F1 /* TickerModel.swift */,
				080EEB832ADDF468008172EB /* StockModel.swift */,
			);
			path = Models;
			sourceTree = "<group>";
		};
		089C16542AD5B5EF00741169 /* Gateways */ = {
			isa = PBXGroup;
			children = (
				089C166D2AD6154400741169 /* TickerApiGateway.swift */,
				083CF8D32AD89010001E95D5 /* AccessApiGateway.swift */,
				086007B02ADDDF8D007BB5F1 /* UserApiGateway.swift */,
			);
			path = Gateways;
			sourceTree = "<group>";
		};
		089C16552AD5B5FB00741169 /* UseCases */ = {
			isa = PBXGroup;
			children = (
				083CF8DC2AD8983B001E95D5 /* AccessUseCase.swift */,
				083CF9002AD9FF52001E95D5 /* TickerUseCase.swift */,
				086007B22ADDE4C9007BB5F1 /* UserUseCase.swift */,
			);
			path = UseCases;
			sourceTree = "<group>";
		};
		089C16572AD5B61500741169 /* Types */ = {
			isa = PBXGroup;
			children = (
				083CF9232ADC8F9F001E95D5 /* TimeIntervalType.swift */,
				083CF9252ADC9050001E95D5 /* ValueForChartType.swift */,
			);
			path = Types;
			sourceTree = "<group>";
		};
		089C16582AD5B63900741169 /* Defaults */ = {
			isa = PBXGroup;
			children = (
				08CA6B672ADCBFF500650BFC /* UserPrefs.swift */,
			);
			path = Defaults;
			sourceTree = "<group>";
		};
		089C165A2AD5B66500741169 /* Tools */ = {
			isa = PBXGroup;
			children = (
				083CF8D12AD872EE001E95D5 /* Regex.swift */,
				083CF9212ADC64A3001E95D5 /* CVDateFormatter.swift */,
				080EEB972ADF4855008172EB /* Delay.swift */,
			);
			path = Tools;
			sourceTree = "<group>";
		};
		089C165B2AD5B67A00741169 /* Requests */ = {
			isa = PBXGroup;
			children = (
				089C16692AD60C5A00741169 /* TickerRequest.swift */,
				083CF8D52AD8924B001E95D5 /* SignInRequest.swift */,
				083CF8D72AD89433001E95D5 /* SignUpRequest.swift */,
				083CF9112ADB1DE0001E95D5 /* TickerIntradayRequest.swift */,
				083CF91B2ADC5D4D001E95D5 /* TickerIntradayLatestRequest.swift */,
			);
			path = Requests;
			sourceTree = "<group>";
		};
		089C165C2AD6000000741169 /* Network */ = {
			isa = PBXGroup;
			children = (
				089C165D2AD6000F00741169 /* ApiError.swift */,
				089C165F2AD6010C00741169 /* ApiResponseProtocol.swift */,
				089C16632AD6028B00741169 /* ApiClient.swift */,
				089C16672AD60C1500741169 /* ApiRequestProtocol.swift */,
				089C166B2AD611DC00741169 /* RequestManager.swift */,
				089C16742AD61A2900741169 /* ApiResult.swift */,
			);
			path = Network;
			sourceTree = "<group>";
		};
		08A2E5132AE069C700D3695D /* RestorePassword */ = {
			isa = PBXGroup;
			children = (
				08A2E51C2AE06B3D00D3695D /* RestorePasswordConfigurator.swift */,
				08A2E51A2AE06A5E00D3695D /* RestorePasswordPresenter.swift */,
				08A2E5182AE069EF00D3695D /* RestorePasswordRouter.swift */,
				08A2E5142AE069DB00D3695D /* RestorePasswordViewController.swift */,
				08A2E5152AE069DB00D3695D /* RestorePasswordViewController.xib */,
			);
			path = RestorePassword;
			sourceTree = "<group>";
		};
		08A2E51E2AE1800400D3695D /* Dependencies */ = {
			isa = PBXGroup;
			children = (
				08A2E51F2AE1801C00D3695D /* AccessDependency.swift */,
				08A2E5222AE1801C00D3695D /* HomeDependency.swift */,
				08A2E5212AE1801C00D3695D /* ModuleManager.swift */,
				08A2E5202AE1801C00D3695D /* ToolsDependency.swift */,
			);
			path = Dependencies;
			sourceTree = "<group>";
		};
		08D3F7C22AD775560088C29E /* Components */ = {
			isa = PBXGroup;
			children = (
				083CF8BD2AD7BA4A001E95D5 /* Loader */,
				08D3F7C32AD775660088C29E /* GBMTextField.swift */,
				083CF8A72AD7822A001E95D5 /* GBMButton.swift */,
				083CF8AD2AD78534001E95D5 /* GBMContainer.swift */,
				083CF8AF2AD785AE001E95D5 /* GBMDashedButton.swift */,
				083CF90F2ADA5A18001E95D5 /* GBMFilterButton.swift */,
				08CA6B692ADCC10200650BFC /* GBMCheckButton.swift */,
			);
			path = Components;
			sourceTree = "<group>";
		};
		3E6402EE70867BE7F2BF7179 /* Pods */ = {
			isa = PBXGroup;
			children = (
				ED543A1ACB7E024994B92939 /* Pods-GBMChallengue.debug.xcconfig */,
				9CF4670E0B544C736C02E56D /* Pods-GBMChallengue.release.xcconfig */,
				ECDCB776323665A846404637 /* Pods-GBMChallengue-GBMChallengueUITests.debug.xcconfig */,
				24018E08650A13FCC2F791A1 /* Pods-GBMChallengue-GBMChallengueUITests.release.xcconfig */,
				FF28F99448F8807948E9E182 /* Pods-GBMChallengueTests.debug.xcconfig */,
				4189D39BBC606403D02DD7C4 /* Pods-GBMChallengueTests.release.xcconfig */,
			);
			path = Pods;
			sourceTree = "<group>";
		};
		6F407C654839AA08D79B6CF8 /* Frameworks */ = {
			isa = PBXGroup;
			children = (
				E29EC7578480905E86CACCA7 /* Pods_GBMChallengue.framework */,
				C8632FBD1D1E67AABDFF191E /* Pods_GBMChallengue_GBMChallengueUITests.framework */,
				519B73395FEECF0BBCC5ABD8 /* Pods_GBMChallengueTests.framework */,
			);
			name = Frameworks;
			sourceTree = "<group>";
		};
/* End PBXGroup section */

/* Begin PBXNativeTarget section */
		089C160E2AD59FEA00741169 /* GBMChallengue */ = {
			isa = PBXNativeTarget;
			buildConfigurationList = 089C16392AD59FEC00741169 /* Build configuration list for PBXNativeTarget "GBMChallengue" */;
			buildPhases = (
				7298B770161C6933479E594C /* [CP] Check Pods Manifest.lock */,
				089C160B2AD59FEA00741169 /* Sources */,
				089C160C2AD59FEA00741169 /* Frameworks */,
				089C160D2AD59FEA00741169 /* Resources */,
				2B00725DBE99CCD0B2CA8514 /* [CP] Embed Pods Frameworks */,
			);
			buildRules = (
			);
			dependencies = (
			);
			name = GBMChallengue;
			packageProductDependencies = (
				089C16772AD76BA600741169 /* FirebaseAnalytics */,
				089C16792AD76BA600741169 /* FirebaseAuth */,
				089C167B2AD76BA600741169 /* FirebaseCrashlytics */,
				089C167D2AD76BA600741169 /* FirebaseFirestore */,
				089C16802AD76C9500741169 /* Realm */,
				089C16822AD76C9500741169 /* RealmSwift */,
				089C16852AD76D4C00741169 /* Lottie */,
				080EEB932ADF09E9008172EB /* RxCocoa */,
				080EEB952ADF09E9008172EB /* RxSwift */,
			);
			productName = GBMChallengue;
			productReference = 089C160F2AD59FEA00741169 /* GBMChallengue.app */;
			productType = "com.apple.product-type.application";
		};
		089C16242AD59FEC00741169 /* GBMChallengueTests */ = {
			isa = PBXNativeTarget;
			buildConfigurationList = 089C163C2AD59FEC00741169 /* Build configuration list for PBXNativeTarget "GBMChallengueTests" */;
			buildPhases = (
				A4C5766CF441345E19F72468 /* [CP] Check Pods Manifest.lock */,
				089C16212AD59FEC00741169 /* Sources */,
				089C16222AD59FEC00741169 /* Frameworks */,
				089C16232AD59FEC00741169 /* Resources */,
			);
			buildRules = (
			);
			dependencies = (
				089C16272AD59FEC00741169 /* PBXTargetDependency */,
			);
			name = GBMChallengueTests;
			packageProductDependencies = (
				080EEB9C2AE04941008172EB /* Realm */,
				080EEBA02AE04AA6008172EB /* RxCocoa */,
				080EEBA22AE04AC1008172EB /* FirebaseAuth */,
				080EEBA42AE04AC1008172EB /* FirebaseFirestore */,
			);
			productName = GBMChallengueTests;
			productReference = 089C16252AD59FEC00741169 /* GBMChallengueTests.xctest */;
			productType = "com.apple.product-type.bundle.unit-test";
		};
		089C162E2AD59FEC00741169 /* GBMChallengueUITests */ = {
			isa = PBXNativeTarget;
			buildConfigurationList = 089C163F2AD59FEC00741169 /* Build configuration list for PBXNativeTarget "GBMChallengueUITests" */;
			buildPhases = (
				2FB4D4A48151C763C80C1556 /* [CP] Check Pods Manifest.lock */,
				089C162B2AD59FEC00741169 /* Sources */,
				089C162C2AD59FEC00741169 /* Frameworks */,
				089C162D2AD59FEC00741169 /* Resources */,
				019681733C99176F4F1B6935 /* [CP] Embed Pods Frameworks */,
			);
			buildRules = (
			);
			dependencies = (
				089C16312AD59FEC00741169 /* PBXTargetDependency */,
			);
			name = GBMChallengueUITests;
			productName = GBMChallengueUITests;
			productReference = 089C162F2AD59FEC00741169 /* GBMChallengueUITests.xctest */;
			productType = "com.apple.product-type.bundle.ui-testing";
		};
/* End PBXNativeTarget section */

/* Begin PBXProject section */
		089C16072AD59FEA00741169 /* Project object */ = {
			isa = PBXProject;
			attributes = {
				BuildIndependentTargetsInParallel = 1;
				LastSwiftUpdateCheck = 1430;
				LastUpgradeCheck = 1430;
				TargetAttributes = {
					089C160E2AD59FEA00741169 = {
						CreatedOnToolsVersion = 14.3;
					};
					089C16242AD59FEC00741169 = {
						CreatedOnToolsVersion = 14.3;
						TestTargetID = 089C160E2AD59FEA00741169;
					};
					089C162E2AD59FEC00741169 = {
						CreatedOnToolsVersion = 14.3;
						TestTargetID = 089C160E2AD59FEA00741169;
					};
				};
			};
			buildConfigurationList = 089C160A2AD59FEA00741169 /* Build configuration list for PBXProject "GBMChallengue" */;
			compatibilityVersion = "Xcode 14.0";
			developmentRegion = en;
			hasScannedForEncodings = 0;
			knownRegions = (
				en,
				Base,
			);
			mainGroup = 089C16062AD59FEA00741169;
			packageReferences = (
				089C16762AD76BA600741169 /* XCRemoteSwiftPackageReference "firebase-ios-sdk" */,
				089C167F2AD76C9500741169 /* XCRemoteSwiftPackageReference "realm-swift" */,
				089C16842AD76D4B00741169 /* XCRemoteSwiftPackageReference "lottie-ios" */,
				080EEB922ADF09E9008172EB /* XCRemoteSwiftPackageReference "RxSwift" */,
			);
			productRefGroup = 089C16102AD59FEA00741169 /* Products */;
			projectDirPath = "";
			projectRoot = "";
			targets = (
				089C160E2AD59FEA00741169 /* GBMChallengue */,
				089C16242AD59FEC00741169 /* GBMChallengueTests */,
				089C162E2AD59FEC00741169 /* GBMChallengueUITests */,
			);
		};
/* End PBXProject section */

/* Begin PBXResourcesBuildPhase section */
		089C160D2AD59FEA00741169 /* Resources */ = {
			isa = PBXResourcesBuildPhase;
			buildActionMask = 2147483647;
			files = (
				089C164A2AD5B52500741169 /* Colors.xcassets in Resources */,
				083CF8E62AD901D2001E95D5 /* DrawerMenuViewController.xib in Resources */,
				083CF8EB2AD90306001E95D5 /* TickerListViewController.xib in Resources */,
				089C161F2AD59FEC00741169 /* LaunchScreen.storyboard in Resources */,
				089C16712AD6164700741169 /* Localizable.strings in Resources */,
				089C161C2AD59FEC00741169 /* Assets.xcassets in Resources */,
				083CF8F22AD90840001E95D5 /* TickerDetailViewController.xib in Resources */,
				083CF8DF2AD8997A001E95D5 /* loader.json in Resources */,
				08A2E5172AE069DB00D3695D /* RestorePasswordViewController.xib in Resources */,
				083CF8CA2AD865C3001E95D5 /* SignUpViewController.xib in Resources */,
				089C168A2AD7725700741169 /* SignInViewController.xib in Resources */,
				089C161A2AD59FEA00741169 /* Main.storyboard in Resources */,
				08D3F7C62AD776450088C29E /* GoogleService-Info.plist in Resources */,
				083CF8C12AD7BA63001E95D5 /* LoaderViewController.xib in Resources */,
				083CF8FD2AD9FB4C001E95D5 /* TickerTableViewCell.xib in Resources */,
				080EEB892ADDFD10008172EB /* FavoriteTickersViewController.xib in Resources */,
			);
			runOnlyForDeploymentPostprocessing = 0;
		};
		089C16232AD59FEC00741169 /* Resources */ = {
			isa = PBXResourcesBuildPhase;
			buildActionMask = 2147483647;
			files = (
			);
			runOnlyForDeploymentPostprocessing = 0;
		};
		089C162D2AD59FEC00741169 /* Resources */ = {
			isa = PBXResourcesBuildPhase;
			buildActionMask = 2147483647;
			files = (
			);
			runOnlyForDeploymentPostprocessing = 0;
		};
/* End PBXResourcesBuildPhase section */

/* Begin PBXShellScriptBuildPhase section */
		019681733C99176F4F1B6935 /* [CP] Embed Pods Frameworks */ = {
			isa = PBXShellScriptBuildPhase;
			buildActionMask = 2147483647;
			files = (
			);
			inputFileListPaths = (
				"${PODS_ROOT}/Target Support Files/Pods-GBMChallengue-GBMChallengueUITests/Pods-GBMChallengue-GBMChallengueUITests-frameworks-${CONFIGURATION}-input-files.xcfilelist",
			);
			name = "[CP] Embed Pods Frameworks";
			outputFileListPaths = (
				"${PODS_ROOT}/Target Support Files/Pods-GBMChallengue-GBMChallengueUITests/Pods-GBMChallengue-GBMChallengueUITests-frameworks-${CONFIGURATION}-output-files.xcfilelist",
			);
			runOnlyForDeploymentPostprocessing = 0;
			shellPath = /bin/sh;
			shellScript = "\"${PODS_ROOT}/Target Support Files/Pods-GBMChallengue-GBMChallengueUITests/Pods-GBMChallengue-GBMChallengueUITests-frameworks.sh\"\n";
			showEnvVarsInLog = 0;
		};
		2B00725DBE99CCD0B2CA8514 /* [CP] Embed Pods Frameworks */ = {
			isa = PBXShellScriptBuildPhase;
			buildActionMask = 2147483647;
			files = (
			);
			inputFileListPaths = (
				"${PODS_ROOT}/Target Support Files/Pods-GBMChallengue/Pods-GBMChallengue-frameworks-${CONFIGURATION}-input-files.xcfilelist",
			);
			name = "[CP] Embed Pods Frameworks";
			outputFileListPaths = (
				"${PODS_ROOT}/Target Support Files/Pods-GBMChallengue/Pods-GBMChallengue-frameworks-${CONFIGURATION}-output-files.xcfilelist",
			);
			runOnlyForDeploymentPostprocessing = 0;
			shellPath = /bin/sh;
			shellScript = "\"${PODS_ROOT}/Target Support Files/Pods-GBMChallengue/Pods-GBMChallengue-frameworks.sh\"\n";
			showEnvVarsInLog = 0;
		};
		2FB4D4A48151C763C80C1556 /* [CP] Check Pods Manifest.lock */ = {
			isa = PBXShellScriptBuildPhase;
			buildActionMask = 2147483647;
			files = (
			);
			inputFileListPaths = (
			);
			inputPaths = (
				"${PODS_PODFILE_DIR_PATH}/Podfile.lock",
				"${PODS_ROOT}/Manifest.lock",
			);
			name = "[CP] Check Pods Manifest.lock";
			outputFileListPaths = (
			);
			outputPaths = (
				"$(DERIVED_FILE_DIR)/Pods-GBMChallengue-GBMChallengueUITests-checkManifestLockResult.txt",
			);
			runOnlyForDeploymentPostprocessing = 0;
			shellPath = /bin/sh;
			shellScript = "diff \"${PODS_PODFILE_DIR_PATH}/Podfile.lock\" \"${PODS_ROOT}/Manifest.lock\" > /dev/null\nif [ $? != 0 ] ; then\n    # print error to STDERR\n    echo \"error: The sandbox is not in sync with the Podfile.lock. Run 'pod install' or update your CocoaPods installation.\" >&2\n    exit 1\nfi\n# This output is used by Xcode 'outputs' to avoid re-running this script phase.\necho \"SUCCESS\" > \"${SCRIPT_OUTPUT_FILE_0}\"\n";
			showEnvVarsInLog = 0;
		};
		7298B770161C6933479E594C /* [CP] Check Pods Manifest.lock */ = {
			isa = PBXShellScriptBuildPhase;
			buildActionMask = 2147483647;
			files = (
			);
			inputFileListPaths = (
			);
			inputPaths = (
				"${PODS_PODFILE_DIR_PATH}/Podfile.lock",
				"${PODS_ROOT}/Manifest.lock",
			);
			name = "[CP] Check Pods Manifest.lock";
			outputFileListPaths = (
			);
			outputPaths = (
				"$(DERIVED_FILE_DIR)/Pods-GBMChallengue-checkManifestLockResult.txt",
			);
			runOnlyForDeploymentPostprocessing = 0;
			shellPath = /bin/sh;
			shellScript = "diff \"${PODS_PODFILE_DIR_PATH}/Podfile.lock\" \"${PODS_ROOT}/Manifest.lock\" > /dev/null\nif [ $? != 0 ] ; then\n    # print error to STDERR\n    echo \"error: The sandbox is not in sync with the Podfile.lock. Run 'pod install' or update your CocoaPods installation.\" >&2\n    exit 1\nfi\n# This output is used by Xcode 'outputs' to avoid re-running this script phase.\necho \"SUCCESS\" > \"${SCRIPT_OUTPUT_FILE_0}\"\n";
			showEnvVarsInLog = 0;
		};
		A4C5766CF441345E19F72468 /* [CP] Check Pods Manifest.lock */ = {
			isa = PBXShellScriptBuildPhase;
			buildActionMask = 2147483647;
			files = (
			);
			inputFileListPaths = (
			);
			inputPaths = (
				"${PODS_PODFILE_DIR_PATH}/Podfile.lock",
				"${PODS_ROOT}/Manifest.lock",
			);
			name = "[CP] Check Pods Manifest.lock";
			outputFileListPaths = (
			);
			outputPaths = (
				"$(DERIVED_FILE_DIR)/Pods-GBMChallengueTests-checkManifestLockResult.txt",
			);
			runOnlyForDeploymentPostprocessing = 0;
			shellPath = /bin/sh;
			shellScript = "diff \"${PODS_PODFILE_DIR_PATH}/Podfile.lock\" \"${PODS_ROOT}/Manifest.lock\" > /dev/null\nif [ $? != 0 ] ; then\n    # print error to STDERR\n    echo \"error: The sandbox is not in sync with the Podfile.lock. Run 'pod install' or update your CocoaPods installation.\" >&2\n    exit 1\nfi\n# This output is used by Xcode 'outputs' to avoid re-running this script phase.\necho \"SUCCESS\" > \"${SCRIPT_OUTPUT_FILE_0}\"\n";
			showEnvVarsInLog = 0;
		};
/* End PBXShellScriptBuildPhase section */

/* Begin PBXSourcesBuildPhase section */
		089C160B2AD59FEA00741169 /* Sources */ = {
			isa = PBXSourcesBuildPhase;
			buildActionMask = 2147483647;
			files = (
				083CF8C92AD865C3001E95D5 /* SignUpViewController.swift in Sources */,
				083CF8FC2AD9FB4C001E95D5 /* TickerTableViewCell.swift in Sources */,
				086007AB2ADDDD8B007BB5F1 /* DrawerMenuPresenter.swift in Sources */,
				08CA6B6A2ADCC10200650BFC /* GBMCheckButton.swift in Sources */,
				083CF91E2ADC616C001E95D5 /* Double+Ext.swift in Sources */,
				083CF8BC2AD7B869001E95D5 /* SignInConfigurator.swift in Sources */,
				089C16682AD60C1500741169 /* ApiRequestProtocol.swift in Sources */,
				083CF8FF2AD9FE20001E95D5 /* UITableView+Ext.swift in Sources */,
				08A2E5232AE1801C00D3695D /* AccessDependency.swift in Sources */,
				089C16702AD615C500741169 /* Ticker.swift in Sources */,
				08A2E5162AE069DB00D3695D /* RestorePasswordViewController.swift in Sources */,
				083CF8C32AD7BC26001E95D5 /* UIViewController+Ext.swift in Sources */,
				086007C12ADDF353007BB5F1 /* TickerModel.swift in Sources */,
				080EEB842ADDF468008172EB /* StockModel.swift in Sources */,
				083CF9102ADA5A18001E95D5 /* GBMFilterButton.swift in Sources */,
				083CF8CC2AD866A9001E95D5 /* SignUpRouter.swift in Sources */,
				083CF8D02AD8689B001E95D5 /* SignUpConfigurator.swift in Sources */,
				083CF9042AD9FFEE001E95D5 /* TickerDTO.swift in Sources */,
				08A2E51D2AE06B3D00D3695D /* RestorePasswordConfigurator.swift in Sources */,
				080EEB8F2ADDFF5E008172EB /* FavoriteTickersConfigurator.swift in Sources */,
				083CF9182ADB233F001E95D5 /* IntradayDataDTO.swift in Sources */,
				083CF9202ADC6230001E95D5 /* Int+Ext.swift in Sources */,
				083CF8AA2AD7831F001E95D5 /* UIButton+Ext.swift in Sources */,
				08A2E5262AE1801C00D3695D /* HomeDependency.swift in Sources */,
				083CF90E2ADA527C001E95D5 /* TickerDetailConfigurator.swift in Sources */,
				086007B52ADDE6D1007BB5F1 /* DrawerMenuConfigurator.swift in Sources */,
				083CF91C2ADC5D4D001E95D5 /* TickerIntradayLatestRequest.swift in Sources */,
				083CF8BA2AD7B64F001E95D5 /* SignInPresenter.swift in Sources */,
				089C16752AD61A2900741169 /* ApiResult.swift in Sources */,
				083CF8A22AD77B07001E95D5 /* String+Ext.swift in Sources */,
				086007B12ADDDF8D007BB5F1 /* UserApiGateway.swift in Sources */,
				08A2E5242AE1801C00D3695D /* ToolsDependency.swift in Sources */,
				083CF8D62AD8924B001E95D5 /* SignInRequest.swift in Sources */,
				083CF8F62AD9F5FE001E95D5 /* TickerListPresenter.swift in Sources */,
				089C16172AD59FEA00741169 /* WelcomeViewController.swift in Sources */,
				086007BF2ADDF1D2007BB5F1 /* StorageContext.swift in Sources */,
				083CF8F12AD90840001E95D5 /* TickerDetailViewController.swift in Sources */,
				080EEB882ADDFD10008172EB /* FavoriteTickersViewController.swift in Sources */,
				086007A92ADDD983007BB5F1 /* DrawerMenuRouter.swift in Sources */,
				083CF8F42AD9F5F1001E95D5 /* TickerListRouter.swift in Sources */,
				08CA6B662ADCB8D500650BFC /* Date+Ext.swift in Sources */,
				089C16602AD6010C00741169 /* ApiResponseProtocol.swift in Sources */,
				089C166A2AD60C5A00741169 /* TickerRequest.swift in Sources */,
				083CF8B82AD7B595001E95D5 /* SignInRouter.swift in Sources */,
				083CF8A02AD77AC3001E95D5 /* UILabel+Ext.swift in Sources */,
				083CF90C2ADA518B001E95D5 /* TickerDetailPresenter.swift in Sources */,
				083CF9142ADB21AF001E95D5 /* TickerIntraday.swift in Sources */,
				083CF91A2ADB6378001E95D5 /* TickerIntradayDetailDTO.swift in Sources */,
				080EEB982ADF4855008172EB /* Delay.swift in Sources */,
				083CF8AC2AD7836E001E95D5 /* UITextfield+Ext.swift in Sources */,
				083CF8CE2AD86743001E95D5 /* SignUpPresenter.swift in Sources */,
				083CF8A82AD7822A001E95D5 /* GBMButton.swift in Sources */,
				086007B32ADDE4C9007BB5F1 /* UserUseCase.swift in Sources */,
				080EEB912ADF010F008172EB /* CredentialDTO.swift in Sources */,
				089C16132AD59FEA00741169 /* AppDelegate.swift in Sources */,
				083CF9262ADC9050001E95D5 /* ValueForChartType.swift in Sources */,
				089C166C2AD611DC00741169 /* RequestManager.swift in Sources */,
				089C16892AD7725700741169 /* SignInViewController.swift in Sources */,
				089C16642AD6028B00741169 /* ApiClient.swift in Sources */,
				08A2E5192AE069EF00D3695D /* RestorePasswordRouter.swift in Sources */,
				086007AF2ADDDE32007BB5F1 /* UserDTO.swift in Sources */,
				083CF8D22AD872EE001E95D5 /* Regex.swift in Sources */,
				083CF9222ADC64A3001E95D5 /* CVDateFormatter.swift in Sources */,
				083CF8EA2AD90306001E95D5 /* TickerListViewController.swift in Sources */,
				083CF9082ADA00DA001E95D5 /* StockDTO.swift in Sources */,
				083CF9122ADB1DE0001E95D5 /* TickerIntradayRequest.swift in Sources */,
				086007B82ADDEADD007BB5F1 /* DrawerTransitionManager.swift in Sources */,
				083CF8A62AD77C8F001E95D5 /* CGFloat+Ext.swift in Sources */,
				083CF9162ADB230B001E95D5 /* TickerIntradayDTO.swift in Sources */,
				08D3F7C42AD775660088C29E /* GBMTextField.swift in Sources */,
				089C16472AD5B50000741169 /* StringLocalized.swift in Sources */,
				083CF8A42AD77C0D001E95D5 /* UIView+Ext.swift in Sources */,
				083CF8B02AD785AE001E95D5 /* GBMDashedButton.swift in Sources */,
				083CF8C02AD7BA63001E95D5 /* LoaderViewController.swift in Sources */,
				083CF9242ADC8F9F001E95D5 /* TimeIntervalType.swift in Sources */,
				083CF8ED2AD9041E001E95D5 /* UINavigationController+Ext.swift in Sources */,
				083CF9012AD9FF52001E95D5 /* TickerUseCase.swift in Sources */,
				083CF8AE2AD78534001E95D5 /* GBMContainer.swift in Sources */,
				08A2E51B2AE06A5E00D3695D /* RestorePasswordPresenter.swift in Sources */,
				08CA6B682ADCBFF500650BFC /* UserPrefs.swift in Sources */,
				083CF8DD2AD8983B001E95D5 /* AccessUseCase.swift in Sources */,
				083CF8F82AD9F7B7001E95D5 /* TickerListConfigurator.swift in Sources */,
				080EEB8B2ADDFD39008172EB /* FavoriteTickersRouter.swift in Sources */,
				089C165E2AD6000F00741169 /* ApiError.swift in Sources */,
				083CF90A2ADA5032001E95D5 /* TickerDetailRouter.swift in Sources */,
				083CF8D42AD89010001E95D5 /* AccessApiGateway.swift in Sources */,
				083CF8D82AD89433001E95D5 /* SignUpRequest.swift in Sources */,
				080EEB8D2ADDFDCC008172EB /* FavoriteTickerPresenter.swift in Sources */,
				08A2E5252AE1801C00D3695D /* ModuleManager.swift in Sources */,
				083CF8DB2AD89670001E95D5 /* FirebaseCollections.swift in Sources */,
				089C166E2AD6154400741169 /* TickerApiGateway.swift in Sources */,
				083CF8E52AD901D2001E95D5 /* DrawerMenuViewController.swift in Sources */,
				089C16152AD59FEA00741169 /* SceneDelegate.swift in Sources */,
				086007BA2ADDECEA007BB5F1 /* DrawerPresentationController.swift in Sources */,
				086007BC2ADDEE58007BB5F1 /* DrawerSlideAnimation.swift in Sources */,
				083CF9062ADA009F001E95D5 /* TickerDetailDTO.swift in Sources */,
			);
			runOnlyForDeploymentPostprocessing = 0;
		};
		089C16212AD59FEC00741169 /* Sources */ = {
			isa = PBXSourcesBuildPhase;
			buildActionMask = 2147483647;
			files = (
				089C162A2AD59FEC00741169 /* GBMChallengueTests.swift in Sources */,
				080EEB9A2AE04218008172EB /* GBMBaseTest.swift in Sources */,
			);
			runOnlyForDeploymentPostprocessing = 0;
		};
		089C162B2AD59FEC00741169 /* Sources */ = {
			isa = PBXSourcesBuildPhase;
			buildActionMask = 2147483647;
			files = (
				089C16342AD59FEC00741169 /* GBMChallengueUITests.swift in Sources */,
				089C16362AD59FEC00741169 /* GBMChallengueUITestsLaunchTests.swift in Sources */,
			);
			runOnlyForDeploymentPostprocessing = 0;
		};
/* End PBXSourcesBuildPhase section */

/* Begin PBXTargetDependency section */
		089C16272AD59FEC00741169 /* PBXTargetDependency */ = {
			isa = PBXTargetDependency;
			target = 089C160E2AD59FEA00741169 /* GBMChallengue */;
			targetProxy = 089C16262AD59FEC00741169 /* PBXContainerItemProxy */;
		};
		089C16312AD59FEC00741169 /* PBXTargetDependency */ = {
			isa = PBXTargetDependency;
			target = 089C160E2AD59FEA00741169 /* GBMChallengue */;
			targetProxy = 089C16302AD59FEC00741169 /* PBXContainerItemProxy */;
		};
/* End PBXTargetDependency section */

/* Begin PBXVariantGroup section */
		089C16182AD59FEA00741169 /* Main.storyboard */ = {
			isa = PBXVariantGroup;
			children = (
				089C16192AD59FEA00741169 /* Base */,
			);
			name = Main.storyboard;
			sourceTree = "<group>";
		};
		089C161D2AD59FEC00741169 /* LaunchScreen.storyboard */ = {
			isa = PBXVariantGroup;
			children = (
				089C161E2AD59FEC00741169 /* Base */,
			);
			name = LaunchScreen.storyboard;
			sourceTree = "<group>";
		};
		089C16732AD6164700741169 /* Localizable.strings */ = {
			isa = PBXVariantGroup;
			children = (
				089C16722AD6164700741169 /* en */,
			);
			name = Localizable.strings;
			sourceTree = "<group>";
		};
/* End PBXVariantGroup section */

/* Begin XCBuildConfiguration section */
		089C16372AD59FEC00741169 /* Debug */ = {
			isa = XCBuildConfiguration;
			buildSettings = {
				ALWAYS_SEARCH_USER_PATHS = NO;
				CLANG_ANALYZER_NONNULL = YES;
				CLANG_ANALYZER_NUMBER_OBJECT_CONVERSION = YES_AGGRESSIVE;
				CLANG_CXX_LANGUAGE_STANDARD = "gnu++20";
				CLANG_ENABLE_MODULES = YES;
				CLANG_ENABLE_OBJC_ARC = YES;
				CLANG_ENABLE_OBJC_WEAK = YES;
				CLANG_WARN_BLOCK_CAPTURE_AUTORELEASING = YES;
				CLANG_WARN_BOOL_CONVERSION = YES;
				CLANG_WARN_COMMA = YES;
				CLANG_WARN_CONSTANT_CONVERSION = YES;
				CLANG_WARN_DEPRECATED_OBJC_IMPLEMENTATIONS = YES;
				CLANG_WARN_DIRECT_OBJC_ISA_USAGE = YES_ERROR;
				CLANG_WARN_DOCUMENTATION_COMMENTS = YES;
				CLANG_WARN_EMPTY_BODY = YES;
				CLANG_WARN_ENUM_CONVERSION = YES;
				CLANG_WARN_INFINITE_RECURSION = YES;
				CLANG_WARN_INT_CONVERSION = YES;
				CLANG_WARN_NON_LITERAL_NULL_CONVERSION = YES;
				CLANG_WARN_OBJC_IMPLICIT_RETAIN_SELF = YES;
				CLANG_WARN_OBJC_LITERAL_CONVERSION = YES;
				CLANG_WARN_OBJC_ROOT_CLASS = YES_ERROR;
				CLANG_WARN_QUOTED_INCLUDE_IN_FRAMEWORK_HEADER = YES;
				CLANG_WARN_RANGE_LOOP_ANALYSIS = YES;
				CLANG_WARN_STRICT_PROTOTYPES = YES;
				CLANG_WARN_SUSPICIOUS_MOVE = YES;
				CLANG_WARN_UNGUARDED_AVAILABILITY = YES_AGGRESSIVE;
				CLANG_WARN_UNREACHABLE_CODE = YES;
				CLANG_WARN__DUPLICATE_METHOD_MATCH = YES;
				COPY_PHASE_STRIP = NO;
				DEBUG_INFORMATION_FORMAT = dwarf;
				ENABLE_STRICT_OBJC_MSGSEND = YES;
				ENABLE_TESTABILITY = YES;
				GCC_C_LANGUAGE_STANDARD = gnu11;
				GCC_DYNAMIC_NO_PIC = NO;
				GCC_NO_COMMON_BLOCKS = YES;
				GCC_OPTIMIZATION_LEVEL = 0;
				GCC_PREPROCESSOR_DEFINITIONS = (
					"DEBUG=1",
					"$(inherited)",
				);
				GCC_WARN_64_TO_32_BIT_CONVERSION = YES;
				GCC_WARN_ABOUT_RETURN_TYPE = YES_ERROR;
				GCC_WARN_UNDECLARED_SELECTOR = YES;
				GCC_WARN_UNINITIALIZED_AUTOS = YES_AGGRESSIVE;
				GCC_WARN_UNUSED_FUNCTION = YES;
				GCC_WARN_UNUSED_VARIABLE = YES;
				IPHONEOS_DEPLOYMENT_TARGET = 16.4;
				MTL_ENABLE_DEBUG_INFO = INCLUDE_SOURCE;
				MTL_FAST_MATH = YES;
				ONLY_ACTIVE_ARCH = YES;
				SDKROOT = iphoneos;
				SWIFT_ACTIVE_COMPILATION_CONDITIONS = DEBUG;
				SWIFT_OPTIMIZATION_LEVEL = "-Onone";
			};
			name = Debug;
		};
		089C16382AD59FEC00741169 /* Release */ = {
			isa = XCBuildConfiguration;
			buildSettings = {
				ALWAYS_SEARCH_USER_PATHS = NO;
				CLANG_ANALYZER_NONNULL = YES;
				CLANG_ANALYZER_NUMBER_OBJECT_CONVERSION = YES_AGGRESSIVE;
				CLANG_CXX_LANGUAGE_STANDARD = "gnu++20";
				CLANG_ENABLE_MODULES = YES;
				CLANG_ENABLE_OBJC_ARC = YES;
				CLANG_ENABLE_OBJC_WEAK = YES;
				CLANG_WARN_BLOCK_CAPTURE_AUTORELEASING = YES;
				CLANG_WARN_BOOL_CONVERSION = YES;
				CLANG_WARN_COMMA = YES;
				CLANG_WARN_CONSTANT_CONVERSION = YES;
				CLANG_WARN_DEPRECATED_OBJC_IMPLEMENTATIONS = YES;
				CLANG_WARN_DIRECT_OBJC_ISA_USAGE = YES_ERROR;
				CLANG_WARN_DOCUMENTATION_COMMENTS = YES;
				CLANG_WARN_EMPTY_BODY = YES;
				CLANG_WARN_ENUM_CONVERSION = YES;
				CLANG_WARN_INFINITE_RECURSION = YES;
				CLANG_WARN_INT_CONVERSION = YES;
				CLANG_WARN_NON_LITERAL_NULL_CONVERSION = YES;
				CLANG_WARN_OBJC_IMPLICIT_RETAIN_SELF = YES;
				CLANG_WARN_OBJC_LITERAL_CONVERSION = YES;
				CLANG_WARN_OBJC_ROOT_CLASS = YES_ERROR;
				CLANG_WARN_QUOTED_INCLUDE_IN_FRAMEWORK_HEADER = YES;
				CLANG_WARN_RANGE_LOOP_ANALYSIS = YES;
				CLANG_WARN_STRICT_PROTOTYPES = YES;
				CLANG_WARN_SUSPICIOUS_MOVE = YES;
				CLANG_WARN_UNGUARDED_AVAILABILITY = YES_AGGRESSIVE;
				CLANG_WARN_UNREACHABLE_CODE = YES;
				CLANG_WARN__DUPLICATE_METHOD_MATCH = YES;
				COPY_PHASE_STRIP = NO;
				DEBUG_INFORMATION_FORMAT = "dwarf-with-dsym";
				ENABLE_NS_ASSERTIONS = NO;
				ENABLE_STRICT_OBJC_MSGSEND = YES;
				GCC_C_LANGUAGE_STANDARD = gnu11;
				GCC_NO_COMMON_BLOCKS = YES;
				GCC_WARN_64_TO_32_BIT_CONVERSION = YES;
				GCC_WARN_ABOUT_RETURN_TYPE = YES_ERROR;
				GCC_WARN_UNDECLARED_SELECTOR = YES;
				GCC_WARN_UNINITIALIZED_AUTOS = YES_AGGRESSIVE;
				GCC_WARN_UNUSED_FUNCTION = YES;
				GCC_WARN_UNUSED_VARIABLE = YES;
				IPHONEOS_DEPLOYMENT_TARGET = 16.4;
				MTL_ENABLE_DEBUG_INFO = NO;
				MTL_FAST_MATH = YES;
				SDKROOT = iphoneos;
				SWIFT_COMPILATION_MODE = wholemodule;
				SWIFT_OPTIMIZATION_LEVEL = "-O";
				VALIDATE_PRODUCT = YES;
			};
			name = Release;
		};
		089C163A2AD59FEC00741169 /* Debug */ = {
			isa = XCBuildConfiguration;
			baseConfigurationReference = ED543A1ACB7E024994B92939 /* Pods-GBMChallengue.debug.xcconfig */;
			buildSettings = {
				ASSETCATALOG_COMPILER_APPICON_NAME = AppIcon;
				ASSETCATALOG_COMPILER_GLOBAL_ACCENT_COLOR_NAME = AccentColor;
				CODE_SIGN_IDENTITY = "Apple Development";
				CODE_SIGN_STYLE = Automatic;
				CURRENT_PROJECT_VERSION = 1;
				DEVELOPMENT_TEAM = JDT5SYQKPJ;
				GENERATE_INFOPLIST_FILE = YES;
				INFOPLIST_FILE = GBMChallengue/Info.plist;
				INFOPLIST_KEY_UIApplicationSupportsIndirectInputEvents = YES;
				INFOPLIST_KEY_UILaunchStoryboardName = LaunchScreen;
				INFOPLIST_KEY_UIMainStoryboardFile = Main;
				INFOPLIST_KEY_UISupportedInterfaceOrientations_iPad = "UIInterfaceOrientationPortrait UIInterfaceOrientationPortraitUpsideDown UIInterfaceOrientationLandscapeLeft UIInterfaceOrientationLandscapeRight";
				INFOPLIST_KEY_UISupportedInterfaceOrientations_iPhone = "UIInterfaceOrientationPortrait UIInterfaceOrientationLandscapeLeft UIInterfaceOrientationLandscapeRight";
				LD_RUNPATH_SEARCH_PATHS = (
					"$(inherited)",
					"@executable_path/Frameworks",
				);
				MARKETING_VERSION = 1.0;
				PRODUCT_BUNDLE_IDENTIFIER = com.challengue.GBMChallengue;
				PRODUCT_NAME = "$(TARGET_NAME)";
				PROVISIONING_PROFILE_SPECIFIER = "";
				SWIFT_EMIT_LOC_STRINGS = YES;
				SWIFT_VERSION = 5.0;
				TARGETED_DEVICE_FAMILY = "1,2";
			};
			name = Debug;
		};
		089C163B2AD59FEC00741169 /* Release */ = {
			isa = XCBuildConfiguration;
			baseConfigurationReference = 9CF4670E0B544C736C02E56D /* Pods-GBMChallengue.release.xcconfig */;
			buildSettings = {
				ASSETCATALOG_COMPILER_APPICON_NAME = AppIcon;
				ASSETCATALOG_COMPILER_GLOBAL_ACCENT_COLOR_NAME = AccentColor;
				CODE_SIGN_IDENTITY = "Apple Development";
				CODE_SIGN_STYLE = Automatic;
				CURRENT_PROJECT_VERSION = 1;
				DEVELOPMENT_TEAM = JDT5SYQKPJ;
				GENERATE_INFOPLIST_FILE = YES;
				INFOPLIST_FILE = GBMChallengue/Info.plist;
				INFOPLIST_KEY_UIApplicationSupportsIndirectInputEvents = YES;
				INFOPLIST_KEY_UILaunchStoryboardName = LaunchScreen;
				INFOPLIST_KEY_UIMainStoryboardFile = Main;
				INFOPLIST_KEY_UISupportedInterfaceOrientations_iPad = "UIInterfaceOrientationPortrait UIInterfaceOrientationPortraitUpsideDown UIInterfaceOrientationLandscapeLeft UIInterfaceOrientationLandscapeRight";
				INFOPLIST_KEY_UISupportedInterfaceOrientations_iPhone = "UIInterfaceOrientationPortrait UIInterfaceOrientationLandscapeLeft UIInterfaceOrientationLandscapeRight";
				LD_RUNPATH_SEARCH_PATHS = (
					"$(inherited)",
					"@executable_path/Frameworks",
				);
				MARKETING_VERSION = 1.0;
				PRODUCT_BUNDLE_IDENTIFIER = com.challengue.GBMChallengue;
				PRODUCT_NAME = "$(TARGET_NAME)";
				PROVISIONING_PROFILE_SPECIFIER = "";
				SWIFT_EMIT_LOC_STRINGS = YES;
				SWIFT_VERSION = 5.0;
				TARGETED_DEVICE_FAMILY = "1,2";
			};
			name = Release;
		};
		089C163D2AD59FEC00741169 /* Debug */ = {
			isa = XCBuildConfiguration;
			baseConfigurationReference = FF28F99448F8807948E9E182 /* Pods-GBMChallengueTests.debug.xcconfig */;
			buildSettings = {
				ALWAYS_EMBED_SWIFT_STANDARD_LIBRARIES = YES;
				BUNDLE_LOADER = "$(TEST_HOST)";
				CODE_SIGN_STYLE = Automatic;
				CURRENT_PROJECT_VERSION = 1;
				DEVELOPMENT_TEAM = JDT5SYQKPJ;
				GENERATE_INFOPLIST_FILE = YES;
				IPHONEOS_DEPLOYMENT_TARGET = 16.4;
				MARKETING_VERSION = 1.0;
				PRODUCT_BUNDLE_IDENTIFIER = com.challengue.GBMChallengueTests;
				PRODUCT_NAME = "$(TARGET_NAME)";
				SWIFT_EMIT_LOC_STRINGS = NO;
				SWIFT_VERSION = 5.0;
				TARGETED_DEVICE_FAMILY = "1,2";
				TEST_HOST = "$(BUILT_PRODUCTS_DIR)/GBMChallengue.app/$(BUNDLE_EXECUTABLE_FOLDER_PATH)/GBMChallengue";
			};
			name = Debug;
		};
		089C163E2AD59FEC00741169 /* Release */ = {
			isa = XCBuildConfiguration;
			baseConfigurationReference = 4189D39BBC606403D02DD7C4 /* Pods-GBMChallengueTests.release.xcconfig */;
			buildSettings = {
				ALWAYS_EMBED_SWIFT_STANDARD_LIBRARIES = YES;
				BUNDLE_LOADER = "$(TEST_HOST)";
				CODE_SIGN_STYLE = Automatic;
				CURRENT_PROJECT_VERSION = 1;
				DEVELOPMENT_TEAM = JDT5SYQKPJ;
				GENERATE_INFOPLIST_FILE = YES;
				IPHONEOS_DEPLOYMENT_TARGET = 16.4;
				MARKETING_VERSION = 1.0;
				PRODUCT_BUNDLE_IDENTIFIER = com.challengue.GBMChallengueTests;
				PRODUCT_NAME = "$(TARGET_NAME)";
				SWIFT_EMIT_LOC_STRINGS = NO;
				SWIFT_VERSION = 5.0;
				TARGETED_DEVICE_FAMILY = "1,2";
				TEST_HOST = "$(BUILT_PRODUCTS_DIR)/GBMChallengue.app/$(BUNDLE_EXECUTABLE_FOLDER_PATH)/GBMChallengue";
			};
			name = Release;
		};
		089C16402AD59FEC00741169 /* Debug */ = {
			isa = XCBuildConfiguration;
			baseConfigurationReference = ECDCB776323665A846404637 /* Pods-GBMChallengue-GBMChallengueUITests.debug.xcconfig */;
			buildSettings = {
				ALWAYS_EMBED_SWIFT_STANDARD_LIBRARIES = YES;
				CODE_SIGN_STYLE = Automatic;
				CURRENT_PROJECT_VERSION = 1;
				DEVELOPMENT_TEAM = JDT5SYQKPJ;
				GENERATE_INFOPLIST_FILE = YES;
				MARKETING_VERSION = 1.0;
				PRODUCT_BUNDLE_IDENTIFIER = com.challengue.GBMChallengueUITests;
				PRODUCT_NAME = "$(TARGET_NAME)";
				SWIFT_EMIT_LOC_STRINGS = NO;
				SWIFT_VERSION = 5.0;
				TARGETED_DEVICE_FAMILY = "1,2";
				TEST_TARGET_NAME = GBMChallengue;
			};
			name = Debug;
		};
		089C16412AD59FEC00741169 /* Release */ = {
			isa = XCBuildConfiguration;
			baseConfigurationReference = 24018E08650A13FCC2F791A1 /* Pods-GBMChallengue-GBMChallengueUITests.release.xcconfig */;
			buildSettings = {
				ALWAYS_EMBED_SWIFT_STANDARD_LIBRARIES = YES;
				CODE_SIGN_STYLE = Automatic;
				CURRENT_PROJECT_VERSION = 1;
				DEVELOPMENT_TEAM = JDT5SYQKPJ;
				GENERATE_INFOPLIST_FILE = YES;
				MARKETING_VERSION = 1.0;
				PRODUCT_BUNDLE_IDENTIFIER = com.challengue.GBMChallengueUITests;
				PRODUCT_NAME = "$(TARGET_NAME)";
				SWIFT_EMIT_LOC_STRINGS = NO;
				SWIFT_VERSION = 5.0;
				TARGETED_DEVICE_FAMILY = "1,2";
				TEST_TARGET_NAME = GBMChallengue;
			};
			name = Release;
		};
/* End XCBuildConfiguration section */

/* Begin XCConfigurationList section */
		089C160A2AD59FEA00741169 /* Build configuration list for PBXProject "GBMChallengue" */ = {
			isa = XCConfigurationList;
			buildConfigurations = (
				089C16372AD59FEC00741169 /* Debug */,
				089C16382AD59FEC00741169 /* Release */,
			);
			defaultConfigurationIsVisible = 0;
			defaultConfigurationName = Release;
		};
		089C16392AD59FEC00741169 /* Build configuration list for PBXNativeTarget "GBMChallengue" */ = {
			isa = XCConfigurationList;
			buildConfigurations = (
				089C163A2AD59FEC00741169 /* Debug */,
				089C163B2AD59FEC00741169 /* Release */,
			);
			defaultConfigurationIsVisible = 0;
			defaultConfigurationName = Release;
		};
		089C163C2AD59FEC00741169 /* Build configuration list for PBXNativeTarget "GBMChallengueTests" */ = {
			isa = XCConfigurationList;
			buildConfigurations = (
				089C163D2AD59FEC00741169 /* Debug */,
				089C163E2AD59FEC00741169 /* Release */,
			);
			defaultConfigurationIsVisible = 0;
			defaultConfigurationName = Release;
		};
		089C163F2AD59FEC00741169 /* Build configuration list for PBXNativeTarget "GBMChallengueUITests" */ = {
			isa = XCConfigurationList;
			buildConfigurations = (
				089C16402AD59FEC00741169 /* Debug */,
				089C16412AD59FEC00741169 /* Release */,
			);
			defaultConfigurationIsVisible = 0;
			defaultConfigurationName = Release;
		};
/* End XCConfigurationList section */

/* Begin XCRemoteSwiftPackageReference section */
		080EEB922ADF09E9008172EB /* XCRemoteSwiftPackageReference "RxSwift" */ = {
			isa = XCRemoteSwiftPackageReference;
			repositoryURL = "https://github.com/ReactiveX/RxSwift.git";
			requirement = {
				kind = upToNextMajorVersion;
				minimumVersion = 6.0.0;
			};
		};
		089C16762AD76BA600741169 /* XCRemoteSwiftPackageReference "firebase-ios-sdk" */ = {
			isa = XCRemoteSwiftPackageReference;
			repositoryURL = "https://github.com/firebase/firebase-ios-sdk";
			requirement = {
				kind = upToNextMajorVersion;
				minimumVersion = 10.0.0;
			};
		};
		089C167F2AD76C9500741169 /* XCRemoteSwiftPackageReference "realm-swift" */ = {
			isa = XCRemoteSwiftPackageReference;
			repositoryURL = "https://github.com/realm/realm-swift.git";
			requirement = {
				kind = upToNextMajorVersion;
				minimumVersion = 10.43.0;
			};
		};
		089C16842AD76D4B00741169 /* XCRemoteSwiftPackageReference "lottie-ios" */ = {
			isa = XCRemoteSwiftPackageReference;
			repositoryURL = "https://github.com/airbnb/lottie-ios.git";
			requirement = {
				kind = upToNextMajorVersion;
				minimumVersion = 4.0.0;
			};
		};
/* End XCRemoteSwiftPackageReference section */

/* Begin XCSwiftPackageProductDependency section */
		080EEB932ADF09E9008172EB /* RxCocoa */ = {
			isa = XCSwiftPackageProductDependency;
			package = 080EEB922ADF09E9008172EB /* XCRemoteSwiftPackageReference "RxSwift" */;
			productName = RxCocoa;
		};
		080EEB952ADF09E9008172EB /* RxSwift */ = {
			isa = XCSwiftPackageProductDependency;
			package = 080EEB922ADF09E9008172EB /* XCRemoteSwiftPackageReference "RxSwift" */;
			productName = RxSwift;
		};
		080EEB9C2AE04941008172EB /* Realm */ = {
			isa = XCSwiftPackageProductDependency;
			package = 089C167F2AD76C9500741169 /* XCRemoteSwiftPackageReference "realm-swift" */;
			productName = Realm;
		};
		080EEBA02AE04AA6008172EB /* RxCocoa */ = {
			isa = XCSwiftPackageProductDependency;
			package = 080EEB922ADF09E9008172EB /* XCRemoteSwiftPackageReference "RxSwift" */;
			productName = RxCocoa;
		};
		080EEBA22AE04AC1008172EB /* FirebaseAuth */ = {
			isa = XCSwiftPackageProductDependency;
			package = 089C16762AD76BA600741169 /* XCRemoteSwiftPackageReference "firebase-ios-sdk" */;
			productName = FirebaseAuth;
		};
		080EEBA42AE04AC1008172EB /* FirebaseFirestore */ = {
			isa = XCSwiftPackageProductDependency;
			package = 089C16762AD76BA600741169 /* XCRemoteSwiftPackageReference "firebase-ios-sdk" */;
			productName = FirebaseFirestore;
		};
		089C16772AD76BA600741169 /* FirebaseAnalytics */ = {
			isa = XCSwiftPackageProductDependency;
			package = 089C16762AD76BA600741169 /* XCRemoteSwiftPackageReference "firebase-ios-sdk" */;
			productName = FirebaseAnalytics;
		};
		089C16792AD76BA600741169 /* FirebaseAuth */ = {
			isa = XCSwiftPackageProductDependency;
			package = 089C16762AD76BA600741169 /* XCRemoteSwiftPackageReference "firebase-ios-sdk" */;
			productName = FirebaseAuth;
		};
		089C167B2AD76BA600741169 /* FirebaseCrashlytics */ = {
			isa = XCSwiftPackageProductDependency;
			package = 089C16762AD76BA600741169 /* XCRemoteSwiftPackageReference "firebase-ios-sdk" */;
			productName = FirebaseCrashlytics;
		};
		089C167D2AD76BA600741169 /* FirebaseFirestore */ = {
			isa = XCSwiftPackageProductDependency;
			package = 089C16762AD76BA600741169 /* XCRemoteSwiftPackageReference "firebase-ios-sdk" */;
			productName = FirebaseFirestore;
		};
		089C16802AD76C9500741169 /* Realm */ = {
			isa = XCSwiftPackageProductDependency;
			package = 089C167F2AD76C9500741169 /* XCRemoteSwiftPackageReference "realm-swift" */;
			productName = Realm;
		};
		089C16822AD76C9500741169 /* RealmSwift */ = {
			isa = XCSwiftPackageProductDependency;
			package = 089C167F2AD76C9500741169 /* XCRemoteSwiftPackageReference "realm-swift" */;
			productName = RealmSwift;
		};
		089C16852AD76D4C00741169 /* Lottie */ = {
			isa = XCSwiftPackageProductDependency;
			package = 089C16842AD76D4B00741169 /* XCRemoteSwiftPackageReference "lottie-ios" */;
			productName = Lottie;
		};
/* End XCSwiftPackageProductDependency section */
	};
	rootObject = 089C16072AD59FEA00741169 /* Project object */;
}
