// !$*UTF8*$!
{
	archiveVersion = 1;
	classes = {
	};
	objectVersion = 56;
	objects = {

/* Begin PBXBuildFile section */
		083CF8A02AD77AC3001E95D5 /* UILabel+Ext.swift in Sources */ = {isa = PBXBuildFile; fileRef = 083CF89F2AD77AC3001E95D5 /* UILabel+Ext.swift */; };
		083CF8A22AD77B07001E95D5 /* String+Ext.swift in Sources */ = {isa = PBXBuildFile; fileRef = 083CF8A12AD77B07001E95D5 /* String+Ext.swift */; };
		083CF8A42AD77C0D001E95D5 /* UIView+Ext.swift in Sources */ = {isa = PBXBuildFile; fileRef = 083CF8A32AD77C0D001E95D5 /* UIView+Ext.swift */; };
		083CF8A62AD77C8F001E95D5 /* CGFloat+Ext.swift in Sources */ = {isa = PBXBuildFile; fileRef = 083CF8A52AD77C8F001E95D5 /* CGFloat+Ext.swift */; };
		083CF8A82AD7822A001E95D5 /* GBMButton.swift in Sources */ = {isa = PBXBuildFile; fileRef = 083CF8A72AD7822A001E95D5 /* GBMButton.swift */; };
		083CF8AA2AD7831F001E95D5 /* UIButton+Ext.swift in Sources */ = {isa = PBXBuildFile; fileRef = 083CF8A92AD7831F001E95D5 /* UIButton+Ext.swift */; };
		083CF8AC2AD7836E001E95D5 /* UITextfield+Ext.swift in Sources */ = {isa = PBXBuildFile; fileRef = 083CF8AB2AD7836D001E95D5 /* UITextfield+Ext.swift */; };
		083CF8AE2AD78534001E95D5 /* GBMContainer.swift in Sources */ = {isa = PBXBuildFile; fileRef = 083CF8AD2AD78534001E95D5 /* GBMContainer.swift */; };
		083CF8B02AD785AE001E95D5 /* GBMDashedButton.swift in Sources */ = {isa = PBXBuildFile; fileRef = 083CF8AF2AD785AE001E95D5 /* GBMDashedButton.swift */; };
		089C16132AD59FEA00741169 /* AppDelegate.swift in Sources */ = {isa = PBXBuildFile; fileRef = 089C16122AD59FEA00741169 /* AppDelegate.swift */; };
		089C16152AD59FEA00741169 /* SceneDelegate.swift in Sources */ = {isa = PBXBuildFile; fileRef = 089C16142AD59FEA00741169 /* SceneDelegate.swift */; };
		089C16172AD59FEA00741169 /* WelcomeViewController.swift in Sources */ = {isa = PBXBuildFile; fileRef = 089C16162AD59FEA00741169 /* WelcomeViewController.swift */; };
		089C161A2AD59FEA00741169 /* Main.storyboard in Resources */ = {isa = PBXBuildFile; fileRef = 089C16182AD59FEA00741169 /* Main.storyboard */; };
		089C161C2AD59FEC00741169 /* Assets.xcassets in Resources */ = {isa = PBXBuildFile; fileRef = 089C161B2AD59FEC00741169 /* Assets.xcassets */; };
		089C161F2AD59FEC00741169 /* LaunchScreen.storyboard in Resources */ = {isa = PBXBuildFile; fileRef = 089C161D2AD59FEC00741169 /* LaunchScreen.storyboard */; };
		089C162A2AD59FEC00741169 /* GBMChallengueTests.swift in Sources */ = {isa = PBXBuildFile; fileRef = 089C16292AD59FEC00741169 /* GBMChallengueTests.swift */; };
		089C16342AD59FEC00741169 /* GBMChallengueUITests.swift in Sources */ = {isa = PBXBuildFile; fileRef = 089C16332AD59FEC00741169 /* GBMChallengueUITests.swift */; };
		089C16362AD59FEC00741169 /* GBMChallengueUITestsLaunchTests.swift in Sources */ = {isa = PBXBuildFile; fileRef = 089C16352AD59FEC00741169 /* GBMChallengueUITestsLaunchTests.swift */; };
		089C16472AD5B50000741169 /* StringLocalized.swift in Sources */ = {isa = PBXBuildFile; fileRef = 089C16462AD5B50000741169 /* StringLocalized.swift */; };
		089C164A2AD5B52500741169 /* Colors.xcassets in Resources */ = {isa = PBXBuildFile; fileRef = 089C16492AD5B52500741169 /* Colors.xcassets */; };
		089C165E2AD6000F00741169 /* ApiError.swift in Sources */ = {isa = PBXBuildFile; fileRef = 089C165D2AD6000F00741169 /* ApiError.swift */; };
		089C16602AD6010C00741169 /* ApiResponseProtocol.swift in Sources */ = {isa = PBXBuildFile; fileRef = 089C165F2AD6010C00741169 /* ApiResponseProtocol.swift */; };
		089C16642AD6028B00741169 /* ApiClient.swift in Sources */ = {isa = PBXBuildFile; fileRef = 089C16632AD6028B00741169 /* ApiClient.swift */; };
		089C16682AD60C1500741169 /* ApiRequestProtocol.swift in Sources */ = {isa = PBXBuildFile; fileRef = 089C16672AD60C1500741169 /* ApiRequestProtocol.swift */; };
		089C166A2AD60C5A00741169 /* TickerRequest.swift in Sources */ = {isa = PBXBuildFile; fileRef = 089C16692AD60C5A00741169 /* TickerRequest.swift */; };
		089C166C2AD611DC00741169 /* RequestManager.swift in Sources */ = {isa = PBXBuildFile; fileRef = 089C166B2AD611DC00741169 /* RequestManager.swift */; };
		089C166E2AD6154400741169 /* TickerApiGateway.swift in Sources */ = {isa = PBXBuildFile; fileRef = 089C166D2AD6154400741169 /* TickerApiGateway.swift */; };
		089C16702AD615C500741169 /* Ticker.swift in Sources */ = {isa = PBXBuildFile; fileRef = 089C166F2AD615C500741169 /* Ticker.swift */; };
		089C16712AD6164700741169 /* Localizable.strings in Resources */ = {isa = PBXBuildFile; fileRef = 089C16732AD6164700741169 /* Localizable.strings */; };
		089C16752AD61A2900741169 /* ApiResult.swift in Sources */ = {isa = PBXBuildFile; fileRef = 089C16742AD61A2900741169 /* ApiResult.swift */; };
		089C16782AD76BA600741169 /* FirebaseAnalytics in Frameworks */ = {isa = PBXBuildFile; productRef = 089C16772AD76BA600741169 /* FirebaseAnalytics */; };
		089C167A2AD76BA600741169 /* FirebaseAuth in Frameworks */ = {isa = PBXBuildFile; productRef = 089C16792AD76BA600741169 /* FirebaseAuth */; };
		089C167C2AD76BA600741169 /* FirebaseCrashlytics in Frameworks */ = {isa = PBXBuildFile; productRef = 089C167B2AD76BA600741169 /* FirebaseCrashlytics */; };
		089C167E2AD76BA600741169 /* FirebaseFirestore in Frameworks */ = {isa = PBXBuildFile; productRef = 089C167D2AD76BA600741169 /* FirebaseFirestore */; };
		089C16812AD76C9500741169 /* Realm in Frameworks */ = {isa = PBXBuildFile; productRef = 089C16802AD76C9500741169 /* Realm */; };
		089C16832AD76C9500741169 /* RealmSwift in Frameworks */ = {isa = PBXBuildFile; productRef = 089C16822AD76C9500741169 /* RealmSwift */; };
		089C16862AD76D4C00741169 /* Lottie in Frameworks */ = {isa = PBXBuildFile; productRef = 089C16852AD76D4C00741169 /* Lottie */; };
		089C16892AD7725700741169 /* SignInViewController.swift in Sources */ = {isa = PBXBuildFile; fileRef = 089C16872AD7725700741169 /* SignInViewController.swift */; };
		089C168A2AD7725700741169 /* SignInViewController.xib in Resources */ = {isa = PBXBuildFile; fileRef = 089C16882AD7725700741169 /* SignInViewController.xib */; };
		08D3F7C42AD775660088C29E /* GBMTextField.swift in Sources */ = {isa = PBXBuildFile; fileRef = 08D3F7C32AD775660088C29E /* GBMTextField.swift */; };
		08D3F7C62AD776450088C29E /* GoogleService-Info.plist in Resources */ = {isa = PBXBuildFile; fileRef = 08D3F7C52AD776450088C29E /* GoogleService-Info.plist */; };
		5EC96C08E6BF47424D0A262C /* Pods_GBMChallengue.framework in Frameworks */ = {isa = PBXBuildFile; fileRef = E29EC7578480905E86CACCA7 /* Pods_GBMChallengue.framework */; };
		A73CF6B90A9DEA5401FEDE7F /* Pods_GBMChallengue_GBMChallengueUITests.framework in Frameworks */ = {isa = PBXBuildFile; fileRef = C8632FBD1D1E67AABDFF191E /* Pods_GBMChallengue_GBMChallengueUITests.framework */; };
		FE3540CCFEC5434FAFD2FE19 /* Pods_GBMChallengueTests.framework in Frameworks */ = {isa = PBXBuildFile; fileRef = 519B73395FEECF0BBCC5ABD8 /* Pods_GBMChallengueTests.framework */; };
/* End PBXBuildFile section */

/* Begin PBXContainerItemProxy section */
		089C16262AD59FEC00741169 /* PBXContainerItemProxy */ = {
			isa = PBXContainerItemProxy;
			containerPortal = 089C16072AD59FEA00741169 /* Project object */;
			proxyType = 1;
			remoteGlobalIDString = 089C160E2AD59FEA00741169;
			remoteInfo = GBMChallengue;
		};
		089C16302AD59FEC00741169 /* PBXContainerItemProxy */ = {
			isa = PBXContainerItemProxy;
			containerPortal = 089C16072AD59FEA00741169 /* Project object */;
			proxyType = 1;
			remoteGlobalIDString = 089C160E2AD59FEA00741169;
			remoteInfo = GBMChallengue;
		};
/* End PBXContainerItemProxy section */

/* Begin PBXFileReference section */
		083CF89F2AD77AC3001E95D5 /* UILabel+Ext.swift */ = {isa = PBXFileReference; lastKnownFileType = sourcecode.swift; path = "UILabel+Ext.swift"; sourceTree = "<group>"; };
		083CF8A12AD77B07001E95D5 /* String+Ext.swift */ = {isa = PBXFileReference; lastKnownFileType = sourcecode.swift; path = "String+Ext.swift"; sourceTree = "<group>"; };
		083CF8A32AD77C0D001E95D5 /* UIView+Ext.swift */ = {isa = PBXFileReference; lastKnownFileType = sourcecode.swift; path = "UIView+Ext.swift"; sourceTree = "<group>"; };
		083CF8A52AD77C8F001E95D5 /* CGFloat+Ext.swift */ = {isa = PBXFileReference; lastKnownFileType = sourcecode.swift; path = "CGFloat+Ext.swift"; sourceTree = "<group>"; };
		083CF8A72AD7822A001E95D5 /* GBMButton.swift */ = {isa = PBXFileReference; lastKnownFileType = sourcecode.swift; path = GBMButton.swift; sourceTree = "<group>"; };
		083CF8A92AD7831F001E95D5 /* UIButton+Ext.swift */ = {isa = PBXFileReference; lastKnownFileType = sourcecode.swift; path = "UIButton+Ext.swift"; sourceTree = "<group>"; };
		083CF8AB2AD7836D001E95D5 /* UITextfield+Ext.swift */ = {isa = PBXFileReference; lastKnownFileType = sourcecode.swift; path = "UITextfield+Ext.swift"; sourceTree = "<group>"; };
		083CF8AD2AD78534001E95D5 /* GBMContainer.swift */ = {isa = PBXFileReference; lastKnownFileType = sourcecode.swift; path = GBMContainer.swift; sourceTree = "<group>"; };
		083CF8AF2AD785AE001E95D5 /* GBMDashedButton.swift */ = {isa = PBXFileReference; lastKnownFileType = sourcecode.swift; path = GBMDashedButton.swift; sourceTree = "<group>"; };
		089C160F2AD59FEA00741169 /* GBMChallengue.app */ = {isa = PBXFileReference; explicitFileType = wrapper.application; includeInIndex = 0; path = GBMChallengue.app; sourceTree = BUILT_PRODUCTS_DIR; };
		089C16122AD59FEA00741169 /* AppDelegate.swift */ = {isa = PBXFileReference; lastKnownFileType = sourcecode.swift; path = AppDelegate.swift; sourceTree = "<group>"; };
		089C16142AD59FEA00741169 /* SceneDelegate.swift */ = {isa = PBXFileReference; lastKnownFileType = sourcecode.swift; path = SceneDelegate.swift; sourceTree = "<group>"; };
		089C16162AD59FEA00741169 /* WelcomeViewController.swift */ = {isa = PBXFileReference; lastKnownFileType = sourcecode.swift; path = WelcomeViewController.swift; sourceTree = "<group>"; };
		089C16192AD59FEA00741169 /* Base */ = {isa = PBXFileReference; lastKnownFileType = file.storyboard; name = Base; path = Base.lproj/Main.storyboard; sourceTree = "<group>"; };
		089C161B2AD59FEC00741169 /* Assets.xcassets */ = {isa = PBXFileReference; lastKnownFileType = folder.assetcatalog; path = Assets.xcassets; sourceTree = "<group>"; };
		089C161E2AD59FEC00741169 /* Base */ = {isa = PBXFileReference; lastKnownFileType = file.storyboard; name = Base; path = Base.lproj/LaunchScreen.storyboard; sourceTree = "<group>"; };
		089C16202AD59FEC00741169 /* Info.plist */ = {isa = PBXFileReference; lastKnownFileType = text.plist.xml; path = Info.plist; sourceTree = "<group>"; };
		089C16252AD59FEC00741169 /* GBMChallengueTests.xctest */ = {isa = PBXFileReference; explicitFileType = wrapper.cfbundle; includeInIndex = 0; path = GBMChallengueTests.xctest; sourceTree = BUILT_PRODUCTS_DIR; };
		089C16292AD59FEC00741169 /* GBMChallengueTests.swift */ = {isa = PBXFileReference; lastKnownFileType = sourcecode.swift; path = GBMChallengueTests.swift; sourceTree = "<group>"; };
		089C162F2AD59FEC00741169 /* GBMChallengueUITests.xctest */ = {isa = PBXFileReference; explicitFileType = wrapper.cfbundle; includeInIndex = 0; path = GBMChallengueUITests.xctest; sourceTree = BUILT_PRODUCTS_DIR; };
		089C16332AD59FEC00741169 /* GBMChallengueUITests.swift */ = {isa = PBXFileReference; lastKnownFileType = sourcecode.swift; path = GBMChallengueUITests.swift; sourceTree = "<group>"; };
		089C16352AD59FEC00741169 /* GBMChallengueUITestsLaunchTests.swift */ = {isa = PBXFileReference; lastKnownFileType = sourcecode.swift; path = GBMChallengueUITestsLaunchTests.swift; sourceTree = "<group>"; };
		089C16462AD5B50000741169 /* StringLocalized.swift */ = {isa = PBXFileReference; lastKnownFileType = sourcecode.swift; path = StringLocalized.swift; sourceTree = "<group>"; };
		089C16492AD5B52500741169 /* Colors.xcassets */ = {isa = PBXFileReference; lastKnownFileType = folder.assetcatalog; path = Colors.xcassets; sourceTree = "<group>"; };
		089C165D2AD6000F00741169 /* ApiError.swift */ = {isa = PBXFileReference; lastKnownFileType = sourcecode.swift; path = ApiError.swift; sourceTree = "<group>"; };
		089C165F2AD6010C00741169 /* ApiResponseProtocol.swift */ = {isa = PBXFileReference; lastKnownFileType = sourcecode.swift; path = ApiResponseProtocol.swift; sourceTree = "<group>"; };
		089C16632AD6028B00741169 /* ApiClient.swift */ = {isa = PBXFileReference; lastKnownFileType = sourcecode.swift; path = ApiClient.swift; sourceTree = "<group>"; };
		089C16672AD60C1500741169 /* ApiRequestProtocol.swift */ = {isa = PBXFileReference; lastKnownFileType = sourcecode.swift; path = ApiRequestProtocol.swift; sourceTree = "<group>"; };
		089C16692AD60C5A00741169 /* TickerRequest.swift */ = {isa = PBXFileReference; lastKnownFileType = sourcecode.swift; path = TickerRequest.swift; sourceTree = "<group>"; };
		089C166B2AD611DC00741169 /* RequestManager.swift */ = {isa = PBXFileReference; lastKnownFileType = sourcecode.swift; path = RequestManager.swift; sourceTree = "<group>"; };
		089C166D2AD6154400741169 /* TickerApiGateway.swift */ = {isa = PBXFileReference; lastKnownFileType = sourcecode.swift; path = TickerApiGateway.swift; sourceTree = "<group>"; };
		089C166F2AD615C500741169 /* Ticker.swift */ = {isa = PBXFileReference; lastKnownFileType = sourcecode.swift; path = Ticker.swift; sourceTree = "<group>"; };
		089C16722AD6164700741169 /* en */ = {isa = PBXFileReference; lastKnownFileType = text.plist.strings; name = en; path = en.lproj/Localizable.strings; sourceTree = "<group>"; };
		089C16742AD61A2900741169 /* ApiResult.swift */ = {isa = PBXFileReference; lastKnownFileType = sourcecode.swift; path = ApiResult.swift; sourceTree = "<group>"; };
		089C16872AD7725700741169 /* SignInViewController.swift */ = {isa = PBXFileReference; lastKnownFileType = sourcecode.swift; path = SignInViewController.swift; sourceTree = "<group>"; };
		089C16882AD7725700741169 /* SignInViewController.xib */ = {isa = PBXFileReference; lastKnownFileType = file.xib; path = SignInViewController.xib; sourceTree = "<group>"; };
		08D3F7C32AD775660088C29E /* GBMTextField.swift */ = {isa = PBXFileReference; lastKnownFileType = sourcecode.swift; path = GBMTextField.swift; sourceTree = "<group>"; };
		08D3F7C52AD776450088C29E /* GoogleService-Info.plist */ = {isa = PBXFileReference; fileEncoding = 4; lastKnownFileType = text.plist.xml; path = "GoogleService-Info.plist"; sourceTree = "<group>"; };
		24018E08650A13FCC2F791A1 /* Pods-GBMChallengue-GBMChallengueUITests.release.xcconfig */ = {isa = PBXFileReference; includeInIndex = 1; lastKnownFileType = text.xcconfig; name = "Pods-GBMChallengue-GBMChallengueUITests.release.xcconfig"; path = "Target Support Files/Pods-GBMChallengue-GBMChallengueUITests/Pods-GBMChallengue-GBMChallengueUITests.release.xcconfig"; sourceTree = "<group>"; };
		4189D39BBC606403D02DD7C4 /* Pods-GBMChallengueTests.release.xcconfig */ = {isa = PBXFileReference; includeInIndex = 1; lastKnownFileType = text.xcconfig; name = "Pods-GBMChallengueTests.release.xcconfig"; path = "Target Support Files/Pods-GBMChallengueTests/Pods-GBMChallengueTests.release.xcconfig"; sourceTree = "<group>"; };
		519B73395FEECF0BBCC5ABD8 /* Pods_GBMChallengueTests.framework */ = {isa = PBXFileReference; explicitFileType = wrapper.framework; includeInIndex = 0; path = Pods_GBMChallengueTests.framework; sourceTree = BUILT_PRODUCTS_DIR; };
		9CF4670E0B544C736C02E56D /* Pods-GBMChallengue.release.xcconfig */ = {isa = PBXFileReference; includeInIndex = 1; lastKnownFileType = text.xcconfig; name = "Pods-GBMChallengue.release.xcconfig"; path = "Target Support Files/Pods-GBMChallengue/Pods-GBMChallengue.release.xcconfig"; sourceTree = "<group>"; };
		C8632FBD1D1E67AABDFF191E /* Pods_GBMChallengue_GBMChallengueUITests.framework */ = {isa = PBXFileReference; explicitFileType = wrapper.framework; includeInIndex = 0; path = Pods_GBMChallengue_GBMChallengueUITests.framework; sourceTree = BUILT_PRODUCTS_DIR; };
		E29EC7578480905E86CACCA7 /* Pods_GBMChallengue.framework */ = {isa = PBXFileReference; explicitFileType = wrapper.framework; includeInIndex = 0; path = Pods_GBMChallengue.framework; sourceTree = BUILT_PRODUCTS_DIR; };
		ECDCB776323665A846404637 /* Pods-GBMChallengue-GBMChallengueUITests.debug.xcconfig */ = {isa = PBXFileReference; includeInIndex = 1; lastKnownFileType = text.xcconfig; name = "Pods-GBMChallengue-GBMChallengueUITests.debug.xcconfig"; path = "Target Support Files/Pods-GBMChallengue-GBMChallengueUITests/Pods-GBMChallengue-GBMChallengueUITests.debug.xcconfig"; sourceTree = "<group>"; };
		ED543A1ACB7E024994B92939 /* Pods-GBMChallengue.debug.xcconfig */ = {isa = PBXFileReference; includeInIndex = 1; lastKnownFileType = text.xcconfig; name = "Pods-GBMChallengue.debug.xcconfig"; path = "Target Support Files/Pods-GBMChallengue/Pods-GBMChallengue.debug.xcconfig"; sourceTree = "<group>"; };
		FF28F99448F8807948E9E182 /* Pods-GBMChallengueTests.debug.xcconfig */ = {isa = PBXFileReference; includeInIndex = 1; lastKnownFileType = text.xcconfig; name = "Pods-GBMChallengueTests.debug.xcconfig"; path = "Target Support Files/Pods-GBMChallengueTests/Pods-GBMChallengueTests.debug.xcconfig"; sourceTree = "<group>"; };
/* End PBXFileReference section */

/* Begin PBXFrameworksBuildPhase section */
		089C160C2AD59FEA00741169 /* Frameworks */ = {
			isa = PBXFrameworksBuildPhase;
			buildActionMask = 2147483647;
			files = (
				089C16832AD76C9500741169 /* RealmSwift in Frameworks */,
				089C16862AD76D4C00741169 /* Lottie in Frameworks */,
				089C167C2AD76BA600741169 /* FirebaseCrashlytics in Frameworks */,
				089C167E2AD76BA600741169 /* FirebaseFirestore in Frameworks */,
				089C16782AD76BA600741169 /* FirebaseAnalytics in Frameworks */,
				089C167A2AD76BA600741169 /* FirebaseAuth in Frameworks */,
				089C16812AD76C9500741169 /* Realm in Frameworks */,
				5EC96C08E6BF47424D0A262C /* Pods_GBMChallengue.framework in Frameworks */,
			);
			runOnlyForDeploymentPostprocessing = 0;
		};
		089C16222AD59FEC00741169 /* Frameworks */ = {
			isa = PBXFrameworksBuildPhase;
			buildActionMask = 2147483647;
			files = (
				FE3540CCFEC5434FAFD2FE19 /* Pods_GBMChallengueTests.framework in Frameworks */,
			);
			runOnlyForDeploymentPostprocessing = 0;
		};
		089C162C2AD59FEC00741169 /* Frameworks */ = {
			isa = PBXFrameworksBuildPhase;
			buildActionMask = 2147483647;
			files = (
				A73CF6B90A9DEA5401FEDE7F /* Pods_GBMChallengue_GBMChallengueUITests.framework in Frameworks */,
			);
			runOnlyForDeploymentPostprocessing = 0;
		};
/* End PBXFrameworksBuildPhase section */

/* Begin PBXGroup section */
		083CF8B12AD786FA001E95D5 /* Welcome */ = {
			isa = PBXGroup;
			children = (
				089C16162AD59FEA00741169 /* WelcomeViewController.swift */,
				089C16182AD59FEA00741169 /* Main.storyboard */,
			);
			path = Welcome;
			sourceTree = "<group>";
		};
		083CF8B22AD78709001E95D5 /* SignIn */ = {
			isa = PBXGroup;
			children = (
				089C16872AD7725700741169 /* SignInViewController.swift */,
				089C16882AD7725700741169 /* SignInViewController.xib */,
			);
			path = SignIn;
			sourceTree = "<group>";
		};
		089C16062AD59FEA00741169 = {
			isa = PBXGroup;
			children = (
				089C16112AD59FEA00741169 /* GBMChallengue */,
				089C16282AD59FEC00741169 /* GBMChallengueTests */,
				089C16322AD59FEC00741169 /* GBMChallengueUITests */,
				089C16102AD59FEA00741169 /* Products */,
				3E6402EE70867BE7F2BF7179 /* Pods */,
				6F407C654839AA08D79B6CF8 /* Frameworks */,
			);
			sourceTree = "<group>";
		};
		089C16102AD59FEA00741169 /* Products */ = {
			isa = PBXGroup;
			children = (
				089C160F2AD59FEA00741169 /* GBMChallengue.app */,
				089C16252AD59FEC00741169 /* GBMChallengueTests.xctest */,
				089C162F2AD59FEC00741169 /* GBMChallengueUITests.xctest */,
			);
			name = Products;
			sourceTree = "<group>";
		};
		089C16112AD59FEA00741169 /* GBMChallengue */ = {
			isa = PBXGroup;
			children = (
				08D3F7C52AD776450088C29E /* GoogleService-Info.plist */,
				089C16202AD59FEC00741169 /* Info.plist */,
				089C16122AD59FEA00741169 /* AppDelegate.swift */,
				089C16142AD59FEA00741169 /* SceneDelegate.swift */,
				089C16422AD5B4C200741169 /* Assets */,
				089C164E2AD5B5A200741169 /* Data */,
				089C164D2AD5B57300741169 /* Domain */,
				089C164F2AD5B5A700741169 /* UI */,
				089C164B2AD5B53800741169 /* Utils */,
			);
			path = GBMChallengue;
			sourceTree = "<group>";
		};
		089C16282AD59FEC00741169 /* GBMChallengueTests */ = {
			isa = PBXGroup;
			children = (
				089C16292AD59FEC00741169 /* GBMChallengueTests.swift */,
			);
			path = GBMChallengueTests;
			sourceTree = "<group>";
		};
		089C16322AD59FEC00741169 /* GBMChallengueUITests */ = {
			isa = PBXGroup;
			children = (
				089C16332AD59FEC00741169 /* GBMChallengueUITests.swift */,
				089C16352AD59FEC00741169 /* GBMChallengueUITestsLaunchTests.swift */,
			);
			path = GBMChallengueUITests;
			sourceTree = "<group>";
		};
		089C16422AD5B4C200741169 /* Assets */ = {
			isa = PBXGroup;
			children = (
				089C161B2AD59FEC00741169 /* Assets.xcassets */,
				089C16492AD5B52500741169 /* Colors.xcassets */,
				089C16482AD5B50D00741169 /* Animations */,
				089C16432AD5B4CC00741169 /* Strings */,
			);
			path = Assets;
			sourceTree = "<group>";
		};
		089C16432AD5B4CC00741169 /* Strings */ = {
			isa = PBXGroup;
			children = (
				089C16732AD6164700741169 /* Localizable.strings */,
				089C16462AD5B50000741169 /* StringLocalized.swift */,
			);
			path = Strings;
			sourceTree = "<group>";
		};
		089C16482AD5B50D00741169 /* Animations */ = {
			isa = PBXGroup;
			children = (
			);
			path = Animations;
			sourceTree = "<group>";
		};
		089C164B2AD5B53800741169 /* Utils */ = {
			isa = PBXGroup;
			children = (
				089C16562AD5B60600741169 /* Dependencies */,
				089C164C2AD5B53E00741169 /* Extensions */,
				089C165A2AD5B66500741169 /* Tools */,
				089C16572AD5B61500741169 /* Types */,
			);
			path = Utils;
			sourceTree = "<group>";
		};
		089C164C2AD5B53E00741169 /* Extensions */ = {
			isa = PBXGroup;
			children = (
				083CF89F2AD77AC3001E95D5 /* UILabel+Ext.swift */,
				083CF8A12AD77B07001E95D5 /* String+Ext.swift */,
				083CF8A32AD77C0D001E95D5 /* UIView+Ext.swift */,
				083CF8A52AD77C8F001E95D5 /* CGFloat+Ext.swift */,
				083CF8A92AD7831F001E95D5 /* UIButton+Ext.swift */,
				083CF8AB2AD7836D001E95D5 /* UITextfield+Ext.swift */,
			);
			path = Extensions;
			sourceTree = "<group>";
		};
		089C164D2AD5B57300741169 /* Domain */ = {
			isa = PBXGroup;
			children = (
				089C16552AD5B5FB00741169 /* UseCases */,
			);
			path = Domain;
			sourceTree = "<group>";
		};
		089C164E2AD5B5A200741169 /* Data */ = {
			isa = PBXGroup;
			children = (
				089C165C2AD6000000741169 /* Network */,
				089C16582AD5B63900741169 /* Defaults */,
				089C16522AD5B5C700741169 /* Entities */,
				089C16542AD5B5EF00741169 /* Gateways */,
				089C16532AD5B5D000741169 /* Models */,
				089C165B2AD5B67A00741169 /* Requests */,
			);
			path = Data;
			sourceTree = "<group>";
		};
		089C164F2AD5B5A700741169 /* UI */ = {
			isa = PBXGroup;
			children = (
				08D3F7C22AD775560088C29E /* Components */,
				089C161D2AD59FEC00741169 /* LaunchScreen.storyboard */,
				089C16512AD5B5B500741169 /* Cells */,
				089C16502AD5B5AF00741169 /* Scenes */,
			);
			path = UI;
			sourceTree = "<group>";
		};
		089C16502AD5B5AF00741169 /* Scenes */ = {
			isa = PBXGroup;
			children = (
				083CF8B22AD78709001E95D5 /* SignIn */,
				083CF8B12AD786FA001E95D5 /* Welcome */,
			);
			path = Scenes;
			sourceTree = "<group>";
		};
		089C16512AD5B5B500741169 /* Cells */ = {
			isa = PBXGroup;
			children = (
			);
			path = Cells;
			sourceTree = "<group>";
		};
		089C16522AD5B5C700741169 /* Entities */ = {
			isa = PBXGroup;
			children = (
				089C166F2AD615C500741169 /* Ticker.swift */,
			);
			path = Entities;
			sourceTree = "<group>";
		};
		089C16532AD5B5D000741169 /* Models */ = {
			isa = PBXGroup;
			children = (
			);
			path = Models;
			sourceTree = "<group>";
		};
		089C16542AD5B5EF00741169 /* Gateways */ = {
			isa = PBXGroup;
			children = (
				089C166D2AD6154400741169 /* TickerApiGateway.swift */,
			);
			path = Gateways;
			sourceTree = "<group>";
		};
		089C16552AD5B5FB00741169 /* UseCases */ = {
			isa = PBXGroup;
			children = (
			);
			path = UseCases;
			sourceTree = "<group>";
		};
		089C16562AD5B60600741169 /* Dependencies */ = {
			isa = PBXGroup;
			children = (
			);
			path = Dependencies;
			sourceTree = "<group>";
		};
		089C16572AD5B61500741169 /* Types */ = {
			isa = PBXGroup;
			children = (
			);
			path = Types;
			sourceTree = "<group>";
		};
		089C16582AD5B63900741169 /* Defaults */ = {
			isa = PBXGroup;
			children = (
			);
			path = Defaults;
			sourceTree = "<group>";
		};
		089C165A2AD5B66500741169 /* Tools */ = {
			isa = PBXGroup;
			children = (
			);
			path = Tools;
			sourceTree = "<group>";
		};
		089C165B2AD5B67A00741169 /* Requests */ = {
			isa = PBXGroup;
			children = (
				089C16692AD60C5A00741169 /* TickerRequest.swift */,
			);
			path = Requests;
			sourceTree = "<group>";
		};
		089C165C2AD6000000741169 /* Network */ = {
			isa = PBXGroup;
			children = (
				089C165D2AD6000F00741169 /* ApiError.swift */,
				089C165F2AD6010C00741169 /* ApiResponseProtocol.swift */,
				089C16632AD6028B00741169 /* ApiClient.swift */,
				089C16672AD60C1500741169 /* ApiRequestProtocol.swift */,
				089C166B2AD611DC00741169 /* RequestManager.swift */,
				089C16742AD61A2900741169 /* ApiResult.swift */,
			);
			path = Network;
			sourceTree = "<group>";
		};
		08D3F7C22AD775560088C29E /* Components */ = {
			isa = PBXGroup;
			children = (
				08D3F7C32AD775660088C29E /* GBMTextField.swift */,
				083CF8A72AD7822A001E95D5 /* GBMButton.swift */,
				083CF8AD2AD78534001E95D5 /* GBMContainer.swift */,
				083CF8AF2AD785AE001E95D5 /* GBMDashedButton.swift */,
			);
			path = Components;
			sourceTree = "<group>";
		};
		3E6402EE70867BE7F2BF7179 /* Pods */ = {
			isa = PBXGroup;
			children = (
				ED543A1ACB7E024994B92939 /* Pods-GBMChallengue.debug.xcconfig */,
				9CF4670E0B544C736C02E56D /* Pods-GBMChallengue.release.xcconfig */,
				ECDCB776323665A846404637 /* Pods-GBMChallengue-GBMChallengueUITests.debug.xcconfig */,
				24018E08650A13FCC2F791A1 /* Pods-GBMChallengue-GBMChallengueUITests.release.xcconfig */,
				FF28F99448F8807948E9E182 /* Pods-GBMChallengueTests.debug.xcconfig */,
				4189D39BBC606403D02DD7C4 /* Pods-GBMChallengueTests.release.xcconfig */,
			);
			path = Pods;
			sourceTree = "<group>";
		};
		6F407C654839AA08D79B6CF8 /* Frameworks */ = {
			isa = PBXGroup;
			children = (
				E29EC7578480905E86CACCA7 /* Pods_GBMChallengue.framework */,
				C8632FBD1D1E67AABDFF191E /* Pods_GBMChallengue_GBMChallengueUITests.framework */,
				519B73395FEECF0BBCC5ABD8 /* Pods_GBMChallengueTests.framework */,
			);
			name = Frameworks;
			sourceTree = "<group>";
		};
/* End PBXGroup section */

/* Begin PBXNativeTarget section */
		089C160E2AD59FEA00741169 /* GBMChallengue */ = {
			isa = PBXNativeTarget;
			buildConfigurationList = 089C16392AD59FEC00741169 /* Build configuration list for PBXNativeTarget "GBMChallengue" */;
			buildPhases = (
				7298B770161C6933479E594C /* [CP] Check Pods Manifest.lock */,
				089C160B2AD59FEA00741169 /* Sources */,
				089C160C2AD59FEA00741169 /* Frameworks */,
				089C160D2AD59FEA00741169 /* Resources */,
				2B00725DBE99CCD0B2CA8514 /* [CP] Embed Pods Frameworks */,
			);
			buildRules = (
			);
			dependencies = (
			);
			name = GBMChallengue;
			packageProductDependencies = (
				089C16772AD76BA600741169 /* FirebaseAnalytics */,
				089C16792AD76BA600741169 /* FirebaseAuth */,
				089C167B2AD76BA600741169 /* FirebaseCrashlytics */,
				089C167D2AD76BA600741169 /* FirebaseFirestore */,
				089C16802AD76C9500741169 /* Realm */,
				089C16822AD76C9500741169 /* RealmSwift */,
				089C16852AD76D4C00741169 /* Lottie */,
			);
			productName = GBMChallengue;
			productReference = 089C160F2AD59FEA00741169 /* GBMChallengue.app */;
			productType = "com.apple.product-type.application";
		};
		089C16242AD59FEC00741169 /* GBMChallengueTests */ = {
			isa = PBXNativeTarget;
			buildConfigurationList = 089C163C2AD59FEC00741169 /* Build configuration list for PBXNativeTarget "GBMChallengueTests" */;
			buildPhases = (
				A4C5766CF441345E19F72468 /* [CP] Check Pods Manifest.lock */,
				089C16212AD59FEC00741169 /* Sources */,
				089C16222AD59FEC00741169 /* Frameworks */,
				089C16232AD59FEC00741169 /* Resources */,
			);
			buildRules = (
			);
			dependencies = (
				089C16272AD59FEC00741169 /* PBXTargetDependency */,
			);
			name = GBMChallengueTests;
			productName = GBMChallengueTests;
			productReference = 089C16252AD59FEC00741169 /* GBMChallengueTests.xctest */;
			productType = "com.apple.product-type.bundle.unit-test";
		};
		089C162E2AD59FEC00741169 /* GBMChallengueUITests */ = {
			isa = PBXNativeTarget;
			buildConfigurationList = 089C163F2AD59FEC00741169 /* Build configuration list for PBXNativeTarget "GBMChallengueUITests" */;
			buildPhases = (
				2FB4D4A48151C763C80C1556 /* [CP] Check Pods Manifest.lock */,
				089C162B2AD59FEC00741169 /* Sources */,
				089C162C2AD59FEC00741169 /* Frameworks */,
				089C162D2AD59FEC00741169 /* Resources */,
				019681733C99176F4F1B6935 /* [CP] Embed Pods Frameworks */,
			);
			buildRules = (
			);
			dependencies = (
				089C16312AD59FEC00741169 /* PBXTargetDependency */,
			);
			name = GBMChallengueUITests;
			productName = GBMChallengueUITests;
			productReference = 089C162F2AD59FEC00741169 /* GBMChallengueUITests.xctest */;
			productType = "com.apple.product-type.bundle.ui-testing";
		};
/* End PBXNativeTarget section */

/* Begin PBXProject section */
		089C16072AD59FEA00741169 /* Project object */ = {
			isa = PBXProject;
			attributes = {
				BuildIndependentTargetsInParallel = 1;
				LastSwiftUpdateCheck = 1430;
				LastUpgradeCheck = 1430;
				TargetAttributes = {
					089C160E2AD59FEA00741169 = {
						CreatedOnToolsVersion = 14.3;
					};
					089C16242AD59FEC00741169 = {
						CreatedOnToolsVersion = 14.3;
						TestTargetID = 089C160E2AD59FEA00741169;
					};
					089C162E2AD59FEC00741169 = {
						CreatedOnToolsVersion = 14.3;
						TestTargetID = 089C160E2AD59FEA00741169;
					};
				};
			};
			buildConfigurationList = 089C160A2AD59FEA00741169 /* Build configuration list for PBXProject "GBMChallengue" */;
			compatibilityVersion = "Xcode 14.0";
			developmentRegion = en;
			hasScannedForEncodings = 0;
			knownRegions = (
				en,
				Base,
			);
			mainGroup = 089C16062AD59FEA00741169;
			packageReferences = (
				089C16762AD76BA600741169 /* XCRemoteSwiftPackageReference "firebase-ios-sdk" */,
				089C167F2AD76C9500741169 /* XCRemoteSwiftPackageReference "realm-swift" */,
				089C16842AD76D4B00741169 /* XCRemoteSwiftPackageReference "lottie-ios" */,
			);
			productRefGroup = 089C16102AD59FEA00741169 /* Products */;
			projectDirPath = "";
			projectRoot = "";
			targets = (
				089C160E2AD59FEA00741169 /* GBMChallengue */,
				089C16242AD59FEC00741169 /* GBMChallengueTests */,
				089C162E2AD59FEC00741169 /* GBMChallengueUITests */,
			);
		};
/* End PBXProject section */

/* Begin PBXResourcesBuildPhase section */
		089C160D2AD59FEA00741169 /* Resources */ = {
			isa = PBXResourcesBuildPhase;
			buildActionMask = 2147483647;
			files = (
				089C164A2AD5B52500741169 /* Colors.xcassets in Resources */,
				089C161F2AD59FEC00741169 /* LaunchScreen.storyboard in Resources */,
				089C16712AD6164700741169 /* Localizable.strings in Resources */,
				089C161C2AD59FEC00741169 /* Assets.xcassets in Resources */,
				089C168A2AD7725700741169 /* SignInViewController.xib in Resources */,
				089C161A2AD59FEA00741169 /* Main.storyboard in Resources */,
				08D3F7C62AD776450088C29E /* GoogleService-Info.plist in Resources */,
			);
			runOnlyForDeploymentPostprocessing = 0;
		};
		089C16232AD59FEC00741169 /* Resources */ = {
			isa = PBXResourcesBuildPhase;
			buildActionMask = 2147483647;
			files = (
			);
			runOnlyForDeploymentPostprocessing = 0;
		};
		089C162D2AD59FEC00741169 /* Resources */ = {
			isa = PBXResourcesBuildPhase;
			buildActionMask = 2147483647;
			files = (
			);
			runOnlyForDeploymentPostprocessing = 0;
		};
/* End PBXResourcesBuildPhase section */

/* Begin PBXShellScriptBuildPhase section */
		019681733C99176F4F1B6935 /* [CP] Embed Pods Frameworks */ = {
			isa = PBXShellScriptBuildPhase;
			buildActionMask = 2147483647;
			files = (
			);
			inputFileListPaths = (
				"${PODS_ROOT}/Target Support Files/Pods-GBMChallengue-GBMChallengueUITests/Pods-GBMChallengue-GBMChallengueUITests-frameworks-${CONFIGURATION}-input-files.xcfilelist",
			);
			name = "[CP] Embed Pods Frameworks";
			outputFileListPaths = (
				"${PODS_ROOT}/Target Support Files/Pods-GBMChallengue-GBMChallengueUITests/Pods-GBMChallengue-GBMChallengueUITests-frameworks-${CONFIGURATION}-output-files.xcfilelist",
			);
			runOnlyForDeploymentPostprocessing = 0;
			shellPath = /bin/sh;
			shellScript = "\"${PODS_ROOT}/Target Support Files/Pods-GBMChallengue-GBMChallengueUITests/Pods-GBMChallengue-GBMChallengueUITests-frameworks.sh\"\n";
			showEnvVarsInLog = 0;
		};
		2B00725DBE99CCD0B2CA8514 /* [CP] Embed Pods Frameworks */ = {
			isa = PBXShellScriptBuildPhase;
			buildActionMask = 2147483647;
			files = (
			);
			inputFileListPaths = (
				"${PODS_ROOT}/Target Support Files/Pods-GBMChallengue/Pods-GBMChallengue-frameworks-${CONFIGURATION}-input-files.xcfilelist",
			);
			name = "[CP] Embed Pods Frameworks";
			outputFileListPaths = (
				"${PODS_ROOT}/Target Support Files/Pods-GBMChallengue/Pods-GBMChallengue-frameworks-${CONFIGURATION}-output-files.xcfilelist",
			);
			runOnlyForDeploymentPostprocessing = 0;
			shellPath = /bin/sh;
			shellScript = "\"${PODS_ROOT}/Target Support Files/Pods-GBMChallengue/Pods-GBMChallengue-frameworks.sh\"\n";
			showEnvVarsInLog = 0;
		};
		2FB4D4A48151C763C80C1556 /* [CP] Check Pods Manifest.lock */ = {
			isa = PBXShellScriptBuildPhase;
			buildActionMask = 2147483647;
			files = (
			);
			inputFileListPaths = (
			);
			inputPaths = (
				"${PODS_PODFILE_DIR_PATH}/Podfile.lock",
				"${PODS_ROOT}/Manifest.lock",
			);
			name = "[CP] Check Pods Manifest.lock";
			outputFileListPaths = (
			);
			outputPaths = (
				"$(DERIVED_FILE_DIR)/Pods-GBMChallengue-GBMChallengueUITests-checkManifestLockResult.txt",
			);
			runOnlyForDeploymentPostprocessing = 0;
			shellPath = /bin/sh;
			shellScript = "diff \"${PODS_PODFILE_DIR_PATH}/Podfile.lock\" \"${PODS_ROOT}/Manifest.lock\" > /dev/null\nif [ $? != 0 ] ; then\n    # print error to STDERR\n    echo \"error: The sandbox is not in sync with the Podfile.lock. Run 'pod install' or update your CocoaPods installation.\" >&2\n    exit 1\nfi\n# This output is used by Xcode 'outputs' to avoid re-running this script phase.\necho \"SUCCESS\" > \"${SCRIPT_OUTPUT_FILE_0}\"\n";
			showEnvVarsInLog = 0;
		};
		7298B770161C6933479E594C /* [CP] Check Pods Manifest.lock */ = {
			isa = PBXShellScriptBuildPhase;
			buildActionMask = 2147483647;
			files = (
			);
			inputFileListPaths = (
			);
			inputPaths = (
				"${PODS_PODFILE_DIR_PATH}/Podfile.lock",
				"${PODS_ROOT}/Manifest.lock",
			);
			name = "[CP] Check Pods Manifest.lock";
			outputFileListPaths = (
			);
			outputPaths = (
				"$(DERIVED_FILE_DIR)/Pods-GBMChallengue-checkManifestLockResult.txt",
			);
			runOnlyForDeploymentPostprocessing = 0;
			shellPath = /bin/sh;
			shellScript = "diff \"${PODS_PODFILE_DIR_PATH}/Podfile.lock\" \"${PODS_ROOT}/Manifest.lock\" > /dev/null\nif [ $? != 0 ] ; then\n    # print error to STDERR\n    echo \"error: The sandbox is not in sync with the Podfile.lock. Run 'pod install' or update your CocoaPods installation.\" >&2\n    exit 1\nfi\n# This output is used by Xcode 'outputs' to avoid re-running this script phase.\necho \"SUCCESS\" > \"${SCRIPT_OUTPUT_FILE_0}\"\n";
			showEnvVarsInLog = 0;
		};
		A4C5766CF441345E19F72468 /* [CP] Check Pods Manifest.lock */ = {
			isa = PBXShellScriptBuildPhase;
			buildActionMask = 2147483647;
			files = (
			);
			inputFileListPaths = (
			);
			inputPaths = (
				"${PODS_PODFILE_DIR_PATH}/Podfile.lock",
				"${PODS_ROOT}/Manifest.lock",
			);
			name = "[CP] Check Pods Manifest.lock";
			outputFileListPaths = (
			);
			outputPaths = (
				"$(DERIVED_FILE_DIR)/Pods-GBMChallengueTests-checkManifestLockResult.txt",
			);
			runOnlyForDeploymentPostprocessing = 0;
			shellPath = /bin/sh;
			shellScript = "diff \"${PODS_PODFILE_DIR_PATH}/Podfile.lock\" \"${PODS_ROOT}/Manifest.lock\" > /dev/null\nif [ $? != 0 ] ; then\n    # print error to STDERR\n    echo \"error: The sandbox is not in sync with the Podfile.lock. Run 'pod install' or update your CocoaPods installation.\" >&2\n    exit 1\nfi\n# This output is used by Xcode 'outputs' to avoid re-running this script phase.\necho \"SUCCESS\" > \"${SCRIPT_OUTPUT_FILE_0}\"\n";
			showEnvVarsInLog = 0;
		};
/* End PBXShellScriptBuildPhase section */

/* Begin PBXSourcesBuildPhase section */
		089C160B2AD59FEA00741169 /* Sources */ = {
			isa = PBXSourcesBuildPhase;
			buildActionMask = 2147483647;
			files = (
				089C16682AD60C1500741169 /* ApiRequestProtocol.swift in Sources */,
				089C16702AD615C500741169 /* Ticker.swift in Sources */,
				083CF8AA2AD7831F001E95D5 /* UIButton+Ext.swift in Sources */,
				089C16752AD61A2900741169 /* ApiResult.swift in Sources */,
				083CF8A22AD77B07001E95D5 /* String+Ext.swift in Sources */,
				089C16172AD59FEA00741169 /* WelcomeViewController.swift in Sources */,
				089C16602AD6010C00741169 /* ApiResponseProtocol.swift in Sources */,
				089C166A2AD60C5A00741169 /* TickerRequest.swift in Sources */,
				083CF8A02AD77AC3001E95D5 /* UILabel+Ext.swift in Sources */,
				083CF8AC2AD7836E001E95D5 /* UITextfield+Ext.swift in Sources */,
				083CF8A82AD7822A001E95D5 /* GBMButton.swift in Sources */,
				089C16132AD59FEA00741169 /* AppDelegate.swift in Sources */,
				089C166C2AD611DC00741169 /* RequestManager.swift in Sources */,
				089C16892AD7725700741169 /* SignInViewController.swift in Sources */,
				089C16642AD6028B00741169 /* ApiClient.swift in Sources */,
				083CF8A62AD77C8F001E95D5 /* CGFloat+Ext.swift in Sources */,
				08D3F7C42AD775660088C29E /* GBMTextField.swift in Sources */,
				089C16472AD5B50000741169 /* StringLocalized.swift in Sources */,
				083CF8A42AD77C0D001E95D5 /* UIView+Ext.swift in Sources */,
				083CF8B02AD785AE001E95D5 /* GBMDashedButton.swift in Sources */,
				083CF8AE2AD78534001E95D5 /* GBMContainer.swift in Sources */,
				089C165E2AD6000F00741169 /* ApiError.swift in Sources */,
				089C166E2AD6154400741169 /* TickerApiGateway.swift in Sources */,
				089C16152AD59FEA00741169 /* SceneDelegate.swift in Sources */,
			);
			runOnlyForDeploymentPostprocessing = 0;
		};
		089C16212AD59FEC00741169 /* Sources */ = {
			isa = PBXSourcesBuildPhase;
			buildActionMask = 2147483647;
			files = (
				089C162A2AD59FEC00741169 /* GBMChallengueTests.swift in Sources */,
			);
			runOnlyForDeploymentPostprocessing = 0;
		};
		089C162B2AD59FEC00741169 /* Sources */ = {
			isa = PBXSourcesBuildPhase;
			buildActionMask = 2147483647;
			files = (
				089C16342AD59FEC00741169 /* GBMChallengueUITests.swift in Sources */,
				089C16362AD59FEC00741169 /* GBMChallengueUITestsLaunchTests.swift in Sources */,
			);
			runOnlyForDeploymentPostprocessing = 0;
		};
/* End PBXSourcesBuildPhase section */

/* Begin PBXTargetDependency section */
		089C16272AD59FEC00741169 /* PBXTargetDependency */ = {
			isa = PBXTargetDependency;
			target = 089C160E2AD59FEA00741169 /* GBMChallengue */;
			targetProxy = 089C16262AD59FEC00741169 /* PBXContainerItemProxy */;
		};
		089C16312AD59FEC00741169 /* PBXTargetDependency */ = {
			isa = PBXTargetDependency;
			target = 089C160E2AD59FEA00741169 /* GBMChallengue */;
			targetProxy = 089C16302AD59FEC00741169 /* PBXContainerItemProxy */;
		};
/* End PBXTargetDependency section */

/* Begin PBXVariantGroup section */
		089C16182AD59FEA00741169 /* Main.storyboard */ = {
			isa = PBXVariantGroup;
			children = (
				089C16192AD59FEA00741169 /* Base */,
			);
			name = Main.storyboard;
			sourceTree = "<group>";
		};
		089C161D2AD59FEC00741169 /* LaunchScreen.storyboard */ = {
			isa = PBXVariantGroup;
			children = (
				089C161E2AD59FEC00741169 /* Base */,
			);
			name = LaunchScreen.storyboard;
			sourceTree = "<group>";
		};
		089C16732AD6164700741169 /* Localizable.strings */ = {
			isa = PBXVariantGroup;
			children = (
				089C16722AD6164700741169 /* en */,
			);
			name = Localizable.strings;
			sourceTree = "<group>";
		};
/* End PBXVariantGroup section */

/* Begin XCBuildConfiguration section */
		089C16372AD59FEC00741169 /* Debug */ = {
			isa = XCBuildConfiguration;
			buildSettings = {
				ALWAYS_SEARCH_USER_PATHS = NO;
				CLANG_ANALYZER_NONNULL = YES;
				CLANG_ANALYZER_NUMBER_OBJECT_CONVERSION = YES_AGGRESSIVE;
				CLANG_CXX_LANGUAGE_STANDARD = "gnu++20";
				CLANG_ENABLE_MODULES = YES;
				CLANG_ENABLE_OBJC_ARC = YES;
				CLANG_ENABLE_OBJC_WEAK = YES;
				CLANG_WARN_BLOCK_CAPTURE_AUTORELEASING = YES;
				CLANG_WARN_BOOL_CONVERSION = YES;
				CLANG_WARN_COMMA = YES;
				CLANG_WARN_CONSTANT_CONVERSION = YES;
				CLANG_WARN_DEPRECATED_OBJC_IMPLEMENTATIONS = YES;
				CLANG_WARN_DIRECT_OBJC_ISA_USAGE = YES_ERROR;
				CLANG_WARN_DOCUMENTATION_COMMENTS = YES;
				CLANG_WARN_EMPTY_BODY = YES;
				CLANG_WARN_ENUM_CONVERSION = YES;
				CLANG_WARN_INFINITE_RECURSION = YES;
				CLANG_WARN_INT_CONVERSION = YES;
				CLANG_WARN_NON_LITERAL_NULL_CONVERSION = YES;
				CLANG_WARN_OBJC_IMPLICIT_RETAIN_SELF = YES;
				CLANG_WARN_OBJC_LITERAL_CONVERSION = YES;
				CLANG_WARN_OBJC_ROOT_CLASS = YES_ERROR;
				CLANG_WARN_QUOTED_INCLUDE_IN_FRAMEWORK_HEADER = YES;
				CLANG_WARN_RANGE_LOOP_ANALYSIS = YES;
				CLANG_WARN_STRICT_PROTOTYPES = YES;
				CLANG_WARN_SUSPICIOUS_MOVE = YES;
				CLANG_WARN_UNGUARDED_AVAILABILITY = YES_AGGRESSIVE;
				CLANG_WARN_UNREACHABLE_CODE = YES;
				CLANG_WARN__DUPLICATE_METHOD_MATCH = YES;
				COPY_PHASE_STRIP = NO;
				DEBUG_INFORMATION_FORMAT = dwarf;
				ENABLE_STRICT_OBJC_MSGSEND = YES;
				ENABLE_TESTABILITY = YES;
				GCC_C_LANGUAGE_STANDARD = gnu11;
				GCC_DYNAMIC_NO_PIC = NO;
				GCC_NO_COMMON_BLOCKS = YES;
				GCC_OPTIMIZATION_LEVEL = 0;
				GCC_PREPROCESSOR_DEFINITIONS = (
					"DEBUG=1",
					"$(inherited)",
				);
				GCC_WARN_64_TO_32_BIT_CONVERSION = YES;
				GCC_WARN_ABOUT_RETURN_TYPE = YES_ERROR;
				GCC_WARN_UNDECLARED_SELECTOR = YES;
				GCC_WARN_UNINITIALIZED_AUTOS = YES_AGGRESSIVE;
				GCC_WARN_UNUSED_FUNCTION = YES;
				GCC_WARN_UNUSED_VARIABLE = YES;
				IPHONEOS_DEPLOYMENT_TARGET = 16.4;
				MTL_ENABLE_DEBUG_INFO = INCLUDE_SOURCE;
				MTL_FAST_MATH = YES;
				ONLY_ACTIVE_ARCH = YES;
				SDKROOT = iphoneos;
				SWIFT_ACTIVE_COMPILATION_CONDITIONS = DEBUG;
				SWIFT_OPTIMIZATION_LEVEL = "-Onone";
			};
			name = Debug;
		};
		089C16382AD59FEC00741169 /* Release */ = {
			isa = XCBuildConfiguration;
			buildSettings = {
				ALWAYS_SEARCH_USER_PATHS = NO;
				CLANG_ANALYZER_NONNULL = YES;
				CLANG_ANALYZER_NUMBER_OBJECT_CONVERSION = YES_AGGRESSIVE;
				CLANG_CXX_LANGUAGE_STANDARD = "gnu++20";
				CLANG_ENABLE_MODULES = YES;
				CLANG_ENABLE_OBJC_ARC = YES;
				CLANG_ENABLE_OBJC_WEAK = YES;
				CLANG_WARN_BLOCK_CAPTURE_AUTORELEASING = YES;
				CLANG_WARN_BOOL_CONVERSION = YES;
				CLANG_WARN_COMMA = YES;
				CLANG_WARN_CONSTANT_CONVERSION = YES;
				CLANG_WARN_DEPRECATED_OBJC_IMPLEMENTATIONS = YES;
				CLANG_WARN_DIRECT_OBJC_ISA_USAGE = YES_ERROR;
				CLANG_WARN_DOCUMENTATION_COMMENTS = YES;
				CLANG_WARN_EMPTY_BODY = YES;
				CLANG_WARN_ENUM_CONVERSION = YES;
				CLANG_WARN_INFINITE_RECURSION = YES;
				CLANG_WARN_INT_CONVERSION = YES;
				CLANG_WARN_NON_LITERAL_NULL_CONVERSION = YES;
				CLANG_WARN_OBJC_IMPLICIT_RETAIN_SELF = YES;
				CLANG_WARN_OBJC_LITERAL_CONVERSION = YES;
				CLANG_WARN_OBJC_ROOT_CLASS = YES_ERROR;
				CLANG_WARN_QUOTED_INCLUDE_IN_FRAMEWORK_HEADER = YES;
				CLANG_WARN_RANGE_LOOP_ANALYSIS = YES;
				CLANG_WARN_STRICT_PROTOTYPES = YES;
				CLANG_WARN_SUSPICIOUS_MOVE = YES;
				CLANG_WARN_UNGUARDED_AVAILABILITY = YES_AGGRESSIVE;
				CLANG_WARN_UNREACHABLE_CODE = YES;
				CLANG_WARN__DUPLICATE_METHOD_MATCH = YES;
				COPY_PHASE_STRIP = NO;
				DEBUG_INFORMATION_FORMAT = "dwarf-with-dsym";
				ENABLE_NS_ASSERTIONS = NO;
				ENABLE_STRICT_OBJC_MSGSEND = YES;
				GCC_C_LANGUAGE_STANDARD = gnu11;
				GCC_NO_COMMON_BLOCKS = YES;
				GCC_WARN_64_TO_32_BIT_CONVERSION = YES;
				GCC_WARN_ABOUT_RETURN_TYPE = YES_ERROR;
				GCC_WARN_UNDECLARED_SELECTOR = YES;
				GCC_WARN_UNINITIALIZED_AUTOS = YES_AGGRESSIVE;
				GCC_WARN_UNUSED_FUNCTION = YES;
				GCC_WARN_UNUSED_VARIABLE = YES;
				IPHONEOS_DEPLOYMENT_TARGET = 16.4;
				MTL_ENABLE_DEBUG_INFO = NO;
				MTL_FAST_MATH = YES;
				SDKROOT = iphoneos;
				SWIFT_COMPILATION_MODE = wholemodule;
				SWIFT_OPTIMIZATION_LEVEL = "-O";
				VALIDATE_PRODUCT = YES;
			};
			name = Release;
		};
		089C163A2AD59FEC00741169 /* Debug */ = {
			isa = XCBuildConfiguration;
			baseConfigurationReference = ED543A1ACB7E024994B92939 /* Pods-GBMChallengue.debug.xcconfig */;
			buildSettings = {
				ASSETCATALOG_COMPILER_APPICON_NAME = AppIcon;
				ASSETCATALOG_COMPILER_GLOBAL_ACCENT_COLOR_NAME = AccentColor;
				CODE_SIGN_STYLE = Automatic;
				CURRENT_PROJECT_VERSION = 1;
				DEVELOPMENT_TEAM = JDT5SYQKPJ;
				GENERATE_INFOPLIST_FILE = YES;
				INFOPLIST_FILE = GBMChallengue/Info.plist;
				INFOPLIST_KEY_UIApplicationSupportsIndirectInputEvents = YES;
				INFOPLIST_KEY_UILaunchStoryboardName = LaunchScreen;
				INFOPLIST_KEY_UIMainStoryboardFile = Main;
				INFOPLIST_KEY_UISupportedInterfaceOrientations_iPad = "UIInterfaceOrientationPortrait UIInterfaceOrientationPortraitUpsideDown UIInterfaceOrientationLandscapeLeft UIInterfaceOrientationLandscapeRight";
				INFOPLIST_KEY_UISupportedInterfaceOrientations_iPhone = "UIInterfaceOrientationPortrait UIInterfaceOrientationLandscapeLeft UIInterfaceOrientationLandscapeRight";
				LD_RUNPATH_SEARCH_PATHS = (
					"$(inherited)",
					"@executable_path/Frameworks",
				);
				MARKETING_VERSION = 1.0;
				PRODUCT_BUNDLE_IDENTIFIER = com.challengue.GBMChallengue;
				PRODUCT_NAME = "$(TARGET_NAME)";
				SWIFT_EMIT_LOC_STRINGS = YES;
				SWIFT_VERSION = 5.0;
				TARGETED_DEVICE_FAMILY = "1,2";
			};
			name = Debug;
		};
		089C163B2AD59FEC00741169 /* Release */ = {
			isa = XCBuildConfiguration;
			baseConfigurationReference = 9CF4670E0B544C736C02E56D /* Pods-GBMChallengue.release.xcconfig */;
			buildSettings = {
				ASSETCATALOG_COMPILER_APPICON_NAME = AppIcon;
				ASSETCATALOG_COMPILER_GLOBAL_ACCENT_COLOR_NAME = AccentColor;
				CODE_SIGN_STYLE = Automatic;
				CURRENT_PROJECT_VERSION = 1;
				DEVELOPMENT_TEAM = JDT5SYQKPJ;
				GENERATE_INFOPLIST_FILE = YES;
				INFOPLIST_FILE = GBMChallengue/Info.plist;
				INFOPLIST_KEY_UIApplicationSupportsIndirectInputEvents = YES;
				INFOPLIST_KEY_UILaunchStoryboardName = LaunchScreen;
				INFOPLIST_KEY_UIMainStoryboardFile = Main;
				INFOPLIST_KEY_UISupportedInterfaceOrientations_iPad = "UIInterfaceOrientationPortrait UIInterfaceOrientationPortraitUpsideDown UIInterfaceOrientationLandscapeLeft UIInterfaceOrientationLandscapeRight";
				INFOPLIST_KEY_UISupportedInterfaceOrientations_iPhone = "UIInterfaceOrientationPortrait UIInterfaceOrientationLandscapeLeft UIInterfaceOrientationLandscapeRight";
				LD_RUNPATH_SEARCH_PATHS = (
					"$(inherited)",
					"@executable_path/Frameworks",
				);
				MARKETING_VERSION = 1.0;
				PRODUCT_BUNDLE_IDENTIFIER = com.challengue.GBMChallengue;
				PRODUCT_NAME = "$(TARGET_NAME)";
				SWIFT_EMIT_LOC_STRINGS = YES;
				SWIFT_VERSION = 5.0;
				TARGETED_DEVICE_FAMILY = "1,2";
			};
			name = Release;
		};
		089C163D2AD59FEC00741169 /* Debug */ = {
			isa = XCBuildConfiguration;
			baseConfigurationReference = FF28F99448F8807948E9E182 /* Pods-GBMChallengueTests.debug.xcconfig */;
			buildSettings = {
				ALWAYS_EMBED_SWIFT_STANDARD_LIBRARIES = YES;
				BUNDLE_LOADER = "$(TEST_HOST)";
				CODE_SIGN_STYLE = Automatic;
				CURRENT_PROJECT_VERSION = 1;
				DEVELOPMENT_TEAM = JDT5SYQKPJ;
				GENERATE_INFOPLIST_FILE = YES;
				IPHONEOS_DEPLOYMENT_TARGET = 16.4;
				MARKETING_VERSION = 1.0;
				PRODUCT_BUNDLE_IDENTIFIER = com.challengue.GBMChallengueTests;
				PRODUCT_NAME = "$(TARGET_NAME)";
				SWIFT_EMIT_LOC_STRINGS = NO;
				SWIFT_VERSION = 5.0;
				TARGETED_DEVICE_FAMILY = "1,2";
				TEST_HOST = "$(BUILT_PRODUCTS_DIR)/GBMChallengue.app/$(BUNDLE_EXECUTABLE_FOLDER_PATH)/GBMChallengue";
			};
			name = Debug;
		};
		089C163E2AD59FEC00741169 /* Release */ = {
			isa = XCBuildConfiguration;
			baseConfigurationReference = 4189D39BBC606403D02DD7C4 /* Pods-GBMChallengueTests.release.xcconfig */;
			buildSettings = {
				ALWAYS_EMBED_SWIFT_STANDARD_LIBRARIES = YES;
				BUNDLE_LOADER = "$(TEST_HOST)";
				CODE_SIGN_STYLE = Automatic;
				CURRENT_PROJECT_VERSION = 1;
				DEVELOPMENT_TEAM = JDT5SYQKPJ;
				GENERATE_INFOPLIST_FILE = YES;
				IPHONEOS_DEPLOYMENT_TARGET = 16.4;
				MARKETING_VERSION = 1.0;
				PRODUCT_BUNDLE_IDENTIFIER = com.challengue.GBMChallengueTests;
				PRODUCT_NAME = "$(TARGET_NAME)";
				SWIFT_EMIT_LOC_STRINGS = NO;
				SWIFT_VERSION = 5.0;
				TARGETED_DEVICE_FAMILY = "1,2";
				TEST_HOST = "$(BUILT_PRODUCTS_DIR)/GBMChallengue.app/$(BUNDLE_EXECUTABLE_FOLDER_PATH)/GBMChallengue";
			};
			name = Release;
		};
		089C16402AD59FEC00741169 /* Debug */ = {
			isa = XCBuildConfiguration;
			baseConfigurationReference = ECDCB776323665A846404637 /* Pods-GBMChallengue-GBMChallengueUITests.debug.xcconfig */;
			buildSettings = {
				ALWAYS_EMBED_SWIFT_STANDARD_LIBRARIES = YES;
				CODE_SIGN_STYLE = Automatic;
				CURRENT_PROJECT_VERSION = 1;
				DEVELOPMENT_TEAM = JDT5SYQKPJ;
				GENERATE_INFOPLIST_FILE = YES;
				MARKETING_VERSION = 1.0;
				PRODUCT_BUNDLE_IDENTIFIER = com.challengue.GBMChallengueUITests;
				PRODUCT_NAME = "$(TARGET_NAME)";
				SWIFT_EMIT_LOC_STRINGS = NO;
				SWIFT_VERSION = 5.0;
				TARGETED_DEVICE_FAMILY = "1,2";
				TEST_TARGET_NAME = GBMChallengue;
			};
			name = Debug;
		};
		089C16412AD59FEC00741169 /* Release */ = {
			isa = XCBuildConfiguration;
			baseConfigurationReference = 24018E08650A13FCC2F791A1 /* Pods-GBMChallengue-GBMChallengueUITests.release.xcconfig */;
			buildSettings = {
				ALWAYS_EMBED_SWIFT_STANDARD_LIBRARIES = YES;
				CODE_SIGN_STYLE = Automatic;
				CURRENT_PROJECT_VERSION = 1;
				DEVELOPMENT_TEAM = JDT5SYQKPJ;
				GENERATE_INFOPLIST_FILE = YES;
				MARKETING_VERSION = 1.0;
				PRODUCT_BUNDLE_IDENTIFIER = com.challengue.GBMChallengueUITests;
				PRODUCT_NAME = "$(TARGET_NAME)";
				SWIFT_EMIT_LOC_STRINGS = NO;
				SWIFT_VERSION = 5.0;
				TARGETED_DEVICE_FAMILY = "1,2";
				TEST_TARGET_NAME = GBMChallengue;
			};
			name = Release;
		};
/* End XCBuildConfiguration section */

/* Begin XCConfigurationList section */
		089C160A2AD59FEA00741169 /* Build configuration list for PBXProject "GBMChallengue" */ = {
			isa = XCConfigurationList;
			buildConfigurations = (
				089C16372AD59FEC00741169 /* Debug */,
				089C16382AD59FEC00741169 /* Release */,
			);
			defaultConfigurationIsVisible = 0;
			defaultConfigurationName = Release;
		};
		089C16392AD59FEC00741169 /* Build configuration list for PBXNativeTarget "GBMChallengue" */ = {
			isa = XCConfigurationList;
			buildConfigurations = (
				089C163A2AD59FEC00741169 /* Debug */,
				089C163B2AD59FEC00741169 /* Release */,
			);
			defaultConfigurationIsVisible = 0;
			defaultConfigurationName = Release;
		};
		089C163C2AD59FEC00741169 /* Build configuration list for PBXNativeTarget "GBMChallengueTests" */ = {
			isa = XCConfigurationList;
			buildConfigurations = (
				089C163D2AD59FEC00741169 /* Debug */,
				089C163E2AD59FEC00741169 /* Release */,
			);
			defaultConfigurationIsVisible = 0;
			defaultConfigurationName = Release;
		};
		089C163F2AD59FEC00741169 /* Build configuration list for PBXNativeTarget "GBMChallengueUITests" */ = {
			isa = XCConfigurationList;
			buildConfigurations = (
				089C16402AD59FEC00741169 /* Debug */,
				089C16412AD59FEC00741169 /* Release */,
			);
			defaultConfigurationIsVisible = 0;
			defaultConfigurationName = Release;
		};
/* End XCConfigurationList section */

/* Begin XCRemoteSwiftPackageReference section */
		089C16762AD76BA600741169 /* XCRemoteSwiftPackageReference "firebase-ios-sdk" */ = {
			isa = XCRemoteSwiftPackageReference;
			repositoryURL = "https://github.com/firebase/firebase-ios-sdk";
			requirement = {
				kind = upToNextMajorVersion;
				minimumVersion = 10.0.0;
			};
		};
		089C167F2AD76C9500741169 /* XCRemoteSwiftPackageReference "realm-swift" */ = {
			isa = XCRemoteSwiftPackageReference;
			repositoryURL = "https://github.com/realm/realm-swift.git";
			requirement = {
				kind = upToNextMajorVersion;
				minimumVersion = 10.43.0;
			};
		};
		089C16842AD76D4B00741169 /* XCRemoteSwiftPackageReference "lottie-ios" */ = {
			isa = XCRemoteSwiftPackageReference;
			repositoryURL = "https://github.com/airbnb/lottie-ios.git";
			requirement = {
				kind = upToNextMajorVersion;
				minimumVersion = 4.0.0;
			};
		};
/* End XCRemoteSwiftPackageReference section */

/* Begin XCSwiftPackageProductDependency section */
		089C16772AD76BA600741169 /* FirebaseAnalytics */ = {
			isa = XCSwiftPackageProductDependency;
			package = 089C16762AD76BA600741169 /* XCRemoteSwiftPackageReference "firebase-ios-sdk" */;
			productName = FirebaseAnalytics;
		};
		089C16792AD76BA600741169 /* FirebaseAuth */ = {
			isa = XCSwiftPackageProductDependency;
			package = 089C16762AD76BA600741169 /* XCRemoteSwiftPackageReference "firebase-ios-sdk" */;
			productName = FirebaseAuth;
		};
		089C167B2AD76BA600741169 /* FirebaseCrashlytics */ = {
			isa = XCSwiftPackageProductDependency;
			package = 089C16762AD76BA600741169 /* XCRemoteSwiftPackageReference "firebase-ios-sdk" */;
			productName = FirebaseCrashlytics;
		};
		089C167D2AD76BA600741169 /* FirebaseFirestore */ = {
			isa = XCSwiftPackageProductDependency;
			package = 089C16762AD76BA600741169 /* XCRemoteSwiftPackageReference "firebase-ios-sdk" */;
			productName = FirebaseFirestore;
		};
		089C16802AD76C9500741169 /* Realm */ = {
			isa = XCSwiftPackageProductDependency;
			package = 089C167F2AD76C9500741169 /* XCRemoteSwiftPackageReference "realm-swift" */;
			productName = Realm;
		};
		089C16822AD76C9500741169 /* RealmSwift */ = {
			isa = XCSwiftPackageProductDependency;
			package = 089C167F2AD76C9500741169 /* XCRemoteSwiftPackageReference "realm-swift" */;
			productName = RealmSwift;
		};
		089C16852AD76D4C00741169 /* Lottie */ = {
			isa = XCSwiftPackageProductDependency;
			package = 089C16842AD76D4B00741169 /* XCRemoteSwiftPackageReference "lottie-ios" */;
			productName = Lottie;
		};
/* End XCSwiftPackageProductDependency section */
	};
	rootObject = 089C16072AD59FEA00741169 /* Project object */;
}
